PODS:
  - Introspect (0.1.4)
  - SwiftyJSON (4.3.0)

DEPENDENCIES:
  - Introspect
  - SwiftyJSON (~> 4.0)

SPEC REPOS:
  https://github.com/CocoaPods/Specs.git:
    - Introspect
  trunk:
    - SwiftyJSON

SPEC CHECKSUMS:
  Introspect: b62c4dd2063072327c21d618ef2bedc3c87bc366
  SwiftyJSON: 6faa0040f8b59dead0ee07436cbf76b73c08fd08

PODFILE CHECKSUM: c9a524409c8bdb2839571153195d833c9c3518d0

COCOAPODS: 1.11.3
