# This file is generated by running "yarn install" inside your project.
# Manual changes might be lost - proceed with caution!

__metadata:
  version: 6
  cacheKey: 8

"@esbuild/android-arm64@npm:0.17.19":
  version: 0.17.19
  resolution: "@esbuild/android-arm64@npm:0.17.19"
  conditions: os=android & cpu=arm64
  languageName: node
  linkType: hard

"@esbuild/android-arm@npm:0.17.19":
  version: 0.17.19
  resolution: "@esbuild/android-arm@npm:0.17.19"
  conditions: os=android & cpu=arm
  languageName: node
  linkType: hard

"@esbuild/android-x64@npm:0.17.19":
  version: 0.17.19
  resolution: "@esbuild/android-x64@npm:0.17.19"
  conditions: os=android & cpu=x64
  languageName: node
  linkType: hard

"@esbuild/darwin-arm64@npm:0.17.19":
  version: 0.17.19
  resolution: "@esbuild/darwin-arm64@npm:0.17.19"
  conditions: os=darwin & cpu=arm64
  languageName: node
  linkType: hard

"@esbuild/darwin-x64@npm:0.17.19":
  version: 0.17.19
  resolution: "@esbuild/darwin-x64@npm:0.17.19"
  conditions: os=darwin & cpu=x64
  languageName: node
  linkType: hard

"@esbuild/freebsd-arm64@npm:0.17.19":
  version: 0.17.19
  resolution: "@esbuild/freebsd-arm64@npm:0.17.19"
  conditions: os=freebsd & cpu=arm64
  languageName: node
  linkType: hard

"@esbuild/freebsd-x64@npm:0.17.19":
  version: 0.17.19
  resolution: "@esbuild/freebsd-x64@npm:0.17.19"
  conditions: os=freebsd & cpu=x64
  languageName: node
  linkType: hard

"@esbuild/linux-arm64@npm:0.17.19":
  version: 0.17.19
  resolution: "@esbuild/linux-arm64@npm:0.17.19"
  conditions: os=linux & cpu=arm64
  languageName: node
  linkType: hard

"@esbuild/linux-arm@npm:0.17.19":
  version: 0.17.19
  resolution: "@esbuild/linux-arm@npm:0.17.19"
  conditions: os=linux & cpu=arm
  languageName: node
  linkType: hard

"@esbuild/linux-ia32@npm:0.17.19":
  version: 0.17.19
  resolution: "@esbuild/linux-ia32@npm:0.17.19"
  conditions: os=linux & cpu=ia32
  languageName: node
  linkType: hard

"@esbuild/linux-loong64@npm:0.17.19":
  version: 0.17.19
  resolution: "@esbuild/linux-loong64@npm:0.17.19"
  conditions: os=linux & cpu=loong64
  languageName: node
  linkType: hard

"@esbuild/linux-mips64el@npm:0.17.19":
  version: 0.17.19
  resolution: "@esbuild/linux-mips64el@npm:0.17.19"
  conditions: os=linux & cpu=mips64el
  languageName: node
  linkType: hard

"@esbuild/linux-ppc64@npm:0.17.19":
  version: 0.17.19
  resolution: "@esbuild/linux-ppc64@npm:0.17.19"
  conditions: os=linux & cpu=ppc64
  languageName: node
  linkType: hard

"@esbuild/linux-riscv64@npm:0.17.19":
  version: 0.17.19
  resolution: "@esbuild/linux-riscv64@npm:0.17.19"
  conditions: os=linux & cpu=riscv64
  languageName: node
  linkType: hard

"@esbuild/linux-s390x@npm:0.17.19":
  version: 0.17.19
  resolution: "@esbuild/linux-s390x@npm:0.17.19"
  conditions: os=linux & cpu=s390x
  languageName: node
  linkType: hard

"@esbuild/linux-x64@npm:0.17.19":
  version: 0.17.19
  resolution: "@esbuild/linux-x64@npm:0.17.19"
  conditions: os=linux & cpu=x64
  languageName: node
  linkType: hard

"@esbuild/netbsd-x64@npm:0.17.19":
  version: 0.17.19
  resolution: "@esbuild/netbsd-x64@npm:0.17.19"
  conditions: os=netbsd & cpu=x64
  languageName: node
  linkType: hard

"@esbuild/openbsd-x64@npm:0.17.19":
  version: 0.17.19
  resolution: "@esbuild/openbsd-x64@npm:0.17.19"
  conditions: os=openbsd & cpu=x64
  languageName: node
  linkType: hard

"@esbuild/sunos-x64@npm:0.17.19":
  version: 0.17.19
  resolution: "@esbuild/sunos-x64@npm:0.17.19"
  conditions: os=sunos & cpu=x64
  languageName: node
  linkType: hard

"@esbuild/win32-arm64@npm:0.17.19":
  version: 0.17.19
  resolution: "@esbuild/win32-arm64@npm:0.17.19"
  conditions: os=win32 & cpu=arm64
  languageName: node
  linkType: hard

"@esbuild/win32-ia32@npm:0.17.19":
  version: 0.17.19
  resolution: "@esbuild/win32-ia32@npm:0.17.19"
  conditions: os=win32 & cpu=ia32
  languageName: node
  linkType: hard

"@esbuild/win32-x64@npm:0.17.19":
  version: 0.17.19
  resolution: "@esbuild/win32-x64@npm:0.17.19"
  conditions: os=win32 & cpu=x64
  languageName: node
  linkType: hard

"abbrev@npm:1":
  version: 1.1.1
  resolution: "abbrev@npm:1.1.1"
  checksum: a4a97ec07d7ea112c517036882b2ac22f3109b7b19077dc656316d07d308438aac28e4d9746dc4d84bf6b1e75b4a7b0a5f3cb30592419f128ca9a8cee3bcfa17
  languageName: node
  linkType: hard

"ansi-colors@npm:^4.1.1":
  version: 4.1.3
  resolution: "ansi-colors@npm:4.1.3"
  checksum: a9c2ec842038a1fabc7db9ece7d3177e2fe1c5dc6f0c51ecfbf5f39911427b89c00b5dc6b8bd95f82a26e9b16aaae2e83d45f060e98070ce4d1333038edceb0e
  languageName: node
  linkType: hard

"ansi-regex@npm:^5.0.1":
  version: 5.0.1
  resolution: "ansi-regex@npm:5.0.1"
  checksum: 2aa4bb54caf2d622f1afdad09441695af2a83aa3fe8b8afa581d205e57ed4261c183c4d3877cee25794443fde5876417d859c108078ab788d6af7e4fe52eb66b
  languageName: node
  linkType: hard

"ansi-styles@npm:^3.2.1":
  version: 3.2.1
  resolution: "ansi-styles@npm:3.2.1"
  dependencies:
    color-convert: ^1.9.0
  checksum: d85ade01c10e5dd77b6c89f34ed7531da5830d2cb5882c645f330079975b716438cd7ebb81d0d6e6b4f9c577f19ae41ab55f07f19786b02f9dfd9e0377395665
  languageName: node
  linkType: hard

"ansi-styles@npm:^4.1.0":
  version: 4.3.0
  resolution: "ansi-styles@npm:4.3.0"
  dependencies:
    color-convert: ^2.0.1
  checksum: 513b44c3b2105dd14cc42a19271e80f386466c4be574bccf60b627432f9198571ebf4ab1e4c3ba17347658f4ee1711c163d574248c0c1cdc2d5917a0ad582ec4
  languageName: node
  linkType: hard

"arg@npm:^5.0.0":
  version: 5.0.2
  resolution: "arg@npm:5.0.2"
  checksum: 6c69ada1a9943d332d9e5382393e897c500908d91d5cb735a01120d5f71daf1b339b7b8980cbeaba8fd1afc68e658a739746179e4315a26e8a28951ff9930078
  languageName: node
  linkType: hard

"array-find-index@npm:^1.0.2":
  version: 1.0.2
  resolution: "array-find-index@npm:1.0.2"
  checksum: aac128bf369e1ac6c06ff0bb330788371c0e256f71279fb92d745e26fb4b9db8920e485b4ec25e841c93146bf71a34dcdbcefa115e7e0f96927a214d237b7081
  languageName: node
  linkType: hard

"asap@npm:^2.0.0":
  version: 2.0.6
  resolution: "asap@npm:2.0.6"
  checksum: b296c92c4b969e973260e47523207cd5769abd27c245a68c26dc7a0fe8053c55bb04360237cb51cab1df52be939da77150ace99ad331fb7fb13b3423ed73ff3d
  languageName: node
  linkType: hard

"await-to-js@npm:^3.0.0":
  version: 3.0.0
  resolution: "await-to-js@npm:3.0.0"
  checksum: b6e9dcf9f0990312d2ae28fcfa0a2c2d1ba48baaa161591fba61d3accf97072ce8a7187ee4e889f3148e1707a7ed1d174b9dd04ce4f79f02d7f8c9e017e90f8e
  languageName: node
  linkType: hard

"balanced-match@npm:^1.0.0":
  version: 1.0.2
  resolution: "balanced-match@npm:1.0.2"
  checksum: 9706c088a283058a8a99e0bf91b0a2f75497f185980d9ffa8b304de1d9e58ebda7c72c07ebf01dadedaac5b2907b2c6f566f660d62bd336c3468e960403b9d65
  languageName: node
  linkType: hard

"base64-js@npm:^1.3.1":
  version: 1.5.1
  resolution: "base64-js@npm:1.5.1"
  checksum: 669632eb3745404c2f822a18fc3a0122d2f9a7a13f7fb8b5823ee19d1d2ff9ee5b52c53367176ea4ad093c332fd5ab4bd0ebae5a8e27917a4105a4cfc86b1005
  languageName: node
  linkType: hard

"bl@npm:^4.1.0":
  version: 4.1.0
  resolution: "bl@npm:4.1.0"
  dependencies:
    buffer: ^5.5.0
    inherits: ^2.0.4
    readable-stream: ^3.4.0
  checksum: 9e8521fa7e83aa9427c6f8ccdcba6e8167ef30cc9a22df26effcc5ab682ef91d2cbc23a239f945d099289e4bbcfae7a192e9c28c84c6202e710a0dfec3722662
  languageName: node
  linkType: hard

"brace-expansion@npm:^1.1.7":
  version: 1.1.11
  resolution: "brace-expansion@npm:1.1.11"
  dependencies:
    balanced-match: ^1.0.0
    concat-map: 0.0.1
  checksum: faf34a7bb0c3fcf4b59c7808bc5d2a96a40988addf2e7e09dfbb67a2251800e0d14cd2bfc1aa79174f2f5095c54ff27f46fb1289fe2d77dac755b5eb3434cc07
  languageName: node
  linkType: hard

"buffer@npm:^5.5.0":
  version: 5.7.1
  resolution: "buffer@npm:5.7.1"
  dependencies:
    base64-js: ^1.3.1
    ieee754: ^1.1.13
  checksum: e2cf8429e1c4c7b8cbd30834ac09bd61da46ce35f5c22a78e6c2f04497d6d25541b16881e30a019c6fd3154150650ccee27a308eff3e26229d788bbdeb08ab84
  languageName: node
  linkType: hard

"chalk@npm:^2.4.1":
  version: 2.4.2
  resolution: "chalk@npm:2.4.2"
  dependencies:
    ansi-styles: ^3.2.1
    escape-string-regexp: ^1.0.5
    supports-color: ^5.3.0
  checksum: ec3661d38fe77f681200f878edbd9448821924e0f93a9cefc0e26a33b145f1027a2084bf19967160d11e1f03bfe4eaffcabf5493b89098b2782c3fe0b03d80c2
  languageName: node
  linkType: hard

"chalk@npm:^4.1.0":
  version: 4.1.2
  resolution: "chalk@npm:4.1.2"
  dependencies:
    ansi-styles: ^4.1.0
    supports-color: ^7.1.0
  checksum: fe75c9d5c76a7a98d45495b91b2172fa3b7a09e0cc9370e5c8feb1c567b85c4288e2b3fded7cfdd7359ac28d6b3844feb8b82b8686842e93d23c827c417e83fc
  languageName: node
  linkType: hard

"cider-web-auth@workspace:.":
  version: 0.0.0-use.local
  resolution: "cider-web-auth@workspace:."
  dependencies:
    await-to-js: ^3.0.0
    esbuild: ^0.17.18
    generate-license-file: ^2.0.0
    musickit-typescript: ^1.2.4
  languageName: unknown
  linkType: soft

"cli-cursor@npm:^3.1.0":
  version: 3.1.0
  resolution: "cli-cursor@npm:3.1.0"
  dependencies:
    restore-cursor: ^3.1.0
  checksum: 2692784c6cd2fd85cfdbd11f53aea73a463a6d64a77c3e098b2b4697a20443f430c220629e1ca3b195ea5ac4a97a74c2ee411f3807abf6df2b66211fec0c0a29
  languageName: node
  linkType: hard

"cli-spinners@npm:^2.5.0, cli-spinners@npm:^2.6.0":
  version: 2.9.0
  resolution: "cli-spinners@npm:2.9.0"
  checksum: a9c56e1f44457d4a9f4f535364e729cb8726198efa9e98990cfd9eda9e220dfa4ba12f92808d1be5e29029cdfead781db82dc8549b97b31c907d55f96aa9b0e2
  languageName: node
  linkType: hard

"clone@npm:^1.0.2":
  version: 1.0.4
  resolution: "clone@npm:1.0.4"
  checksum: d06418b7335897209e77bdd430d04f882189582e67bd1f75a04565f3f07f5b3f119a9d670c943b6697d0afb100f03b866b3b8a1f91d4d02d72c4ecf2bb64b5dd
  languageName: node
  linkType: hard

"color-convert@npm:^1.9.0":
  version: 1.9.3
  resolution: "color-convert@npm:1.9.3"
  dependencies:
    color-name: 1.1.3
  checksum: fd7a64a17cde98fb923b1dd05c5f2e6f7aefda1b60d67e8d449f9328b4e53b228a428fd38bfeaeb2db2ff6b6503a776a996150b80cdf224062af08a5c8a3a203
  languageName: node
  linkType: hard

"color-convert@npm:^2.0.1":
  version: 2.0.1
  resolution: "color-convert@npm:2.0.1"
  dependencies:
    color-name: ~1.1.4
  checksum: 79e6bdb9fd479a205c71d89574fccfb22bd9053bd98c6c4d870d65c132e5e904e6034978e55b43d69fcaa7433af2016ee203ce76eeba9cfa554b373e7f7db336
  languageName: node
  linkType: hard

"color-name@npm:1.1.3":
  version: 1.1.3
  resolution: "color-name@npm:1.1.3"
  checksum: 09c5d3e33d2105850153b14466501f2bfb30324a2f76568a408763a3b7433b0e50e5b4ab1947868e65cb101bb7cb75029553f2c333b6d4b8138a73fcc133d69d
  languageName: node
  linkType: hard

"color-name@npm:~1.1.4":
  version: 1.1.4
  resolution: "color-name@npm:1.1.4"
  checksum: b0445859521eb4021cd0fb0cc1a75cecf67fceecae89b63f62b201cca8d345baf8b952c966862a9d9a2632987d4f6581f0ec8d957dfacece86f0a7919316f610
  languageName: node
  linkType: hard

"concat-map@npm:0.0.1":
  version: 0.0.1
  resolution: "concat-map@npm:0.0.1"
  checksum: 902a9f5d8967a3e2faf138d5cb784b9979bad2e6db5357c5b21c568df4ebe62bcb15108af1b2253744844eb964fc023fbd9afbbbb6ddd0bcc204c6fb5b7bf3af
  languageName: node
  linkType: hard

"debug@npm:^3.1.0":
  version: 3.2.7
  resolution: "debug@npm:3.2.7"
  dependencies:
    ms: ^2.1.1
  checksum: b3d8c5940799914d30314b7c3304a43305fd0715581a919dacb8b3176d024a782062368405b47491516d2091d6462d4d11f2f4974a405048094f8bfebfa3071c
  languageName: node
  linkType: hard

"debuglog@npm:^1.0.1":
  version: 1.0.1
  resolution: "debuglog@npm:1.0.1"
  checksum: 970679f2eb7a73867e04d45b52583e7ec6dee1f33c058e9147702e72a665a9647f9c3d6e7c2f66f6bf18510b23eb5ded1b617e48ac1db23603809c5ddbbb9763
  languageName: node
  linkType: hard

"defaults@npm:^1.0.3":
  version: 1.0.4
  resolution: "defaults@npm:1.0.4"
  dependencies:
    clone: ^1.0.2
  checksum: 3a88b7a587fc076b84e60affad8b85245c01f60f38fc1d259e7ac1d89eb9ce6abb19e27215de46b98568dd5bc48471730b327637e6f20b0f1bc85cf00440c80a
  languageName: node
  linkType: hard

"dezalgo@npm:^1.0.0":
  version: 1.0.4
  resolution: "dezalgo@npm:1.0.4"
  dependencies:
    asap: ^2.0.0
    wrappy: 1
  checksum: 895389c6aead740d2ab5da4d3466d20fa30f738010a4d3f4dcccc9fc645ca31c9d10b7e1804ae489b1eb02c7986f9f1f34ba132d409b043082a86d9a4e745624
  languageName: node
  linkType: hard

"enquirer@npm:^2.3.6":
  version: 2.4.1
  resolution: "enquirer@npm:2.4.1"
  dependencies:
    ansi-colors: ^4.1.1
    strip-ansi: ^6.0.1
  checksum: f080f11a74209647dbf347a7c6a83c8a47ae1ebf1e75073a808bc1088eb780aa54075bfecd1bcdb3e3c724520edb8e6ee05da031529436b421b71066fcc48cb5
  languageName: node
  linkType: hard

"esbuild@npm:^0.17.18":
  version: 0.17.19
  resolution: "esbuild@npm:0.17.19"
  dependencies:
    "@esbuild/android-arm": 0.17.19
    "@esbuild/android-arm64": 0.17.19
    "@esbuild/android-x64": 0.17.19
    "@esbuild/darwin-arm64": 0.17.19
    "@esbuild/darwin-x64": 0.17.19
    "@esbuild/freebsd-arm64": 0.17.19
    "@esbuild/freebsd-x64": 0.17.19
    "@esbuild/linux-arm": 0.17.19
    "@esbuild/linux-arm64": 0.17.19
    "@esbuild/linux-ia32": 0.17.19
    "@esbuild/linux-loong64": 0.17.19
    "@esbuild/linux-mips64el": 0.17.19
    "@esbuild/linux-ppc64": 0.17.19
    "@esbuild/linux-riscv64": 0.17.19
    "@esbuild/linux-s390x": 0.17.19
    "@esbuild/linux-x64": 0.17.19
    "@esbuild/netbsd-x64": 0.17.19
    "@esbuild/openbsd-x64": 0.17.19
    "@esbuild/sunos-x64": 0.17.19
    "@esbuild/win32-arm64": 0.17.19
    "@esbuild/win32-ia32": 0.17.19
    "@esbuild/win32-x64": 0.17.19
  dependenciesMeta:
    "@esbuild/android-arm":
      optional: true
    "@esbuild/android-arm64":
      optional: true
    "@esbuild/android-x64":
      optional: true
    "@esbuild/darwin-arm64":
      optional: true
    "@esbuild/darwin-x64":
      optional: true
    "@esbuild/freebsd-arm64":
      optional: true
    "@esbuild/freebsd-x64":
      optional: true
    "@esbuild/linux-arm":
      optional: true
    "@esbuild/linux-arm64":
      optional: true
    "@esbuild/linux-ia32":
      optional: true
    "@esbuild/linux-loong64":
      optional: true
    "@esbuild/linux-mips64el":
      optional: true
    "@esbuild/linux-ppc64":
      optional: true
    "@esbuild/linux-riscv64":
      optional: true
    "@esbuild/linux-s390x":
      optional: true
    "@esbuild/linux-x64":
      optional: true
    "@esbuild/netbsd-x64":
      optional: true
    "@esbuild/openbsd-x64":
      optional: true
    "@esbuild/sunos-x64":
      optional: true
    "@esbuild/win32-arm64":
      optional: true
    "@esbuild/win32-ia32":
      optional: true
    "@esbuild/win32-x64":
      optional: true
  bin:
    esbuild: bin/esbuild
  checksum: ac11b1a5a6008e4e37ccffbd6c2c054746fc58d0ed4a2f9ee643bd030cfcea9a33a235087bc777def8420f2eaafb3486e76adb7bdb7241a9143b43a69a10afd8
  languageName: node
  linkType: hard

"escape-string-regexp@npm:^1.0.5":
  version: 1.0.5
  resolution: "escape-string-regexp@npm:1.0.5"
  checksum: 6092fda75c63b110c706b6a9bfde8a612ad595b628f0bd2147eea1d3406723020810e591effc7db1da91d80a71a737a313567c5abb3813e8d9c71f4aa595b410
  languageName: node
  linkType: hard

"esm@npm:^3.2.25":
  version: 3.2.25
  resolution: "esm@npm:3.2.25"
  checksum: 978aabe2de83541c105605a6d60a26ed8e627ef6bb0a7605fe15a95bbdea6b8348bd045255cb22219c054dd09a81a94823df00843d9e97f42419c92015ce3a64
  languageName: node
  linkType: hard

"fs.realpath@npm:^1.0.0":
  version: 1.0.0
  resolution: "fs.realpath@npm:1.0.0"
  checksum: 99ddea01a7e75aa276c250a04eedeffe5662bce66c65c07164ad6264f9de18fb21be9433ead460e54cff20e31721c811f4fb5d70591799df5f85dce6d6746fd0
  languageName: node
  linkType: hard

"function-bind@npm:^1.1.1":
  version: 1.1.1
  resolution: "function-bind@npm:1.1.1"
  checksum: b32fbaebb3f8ec4969f033073b43f5c8befbb58f1a79e12f1d7490358150359ebd92f49e72ff0144f65f2c48ea2a605bff2d07965f548f6474fd8efd95bf361a
  languageName: node
  linkType: hard

"generate-license-file@npm:^2.0.0":
  version: 2.0.0
  resolution: "generate-license-file@npm:2.0.0"
  dependencies:
    arg: ^5.0.0
    cli-spinners: ^2.6.0
    enquirer: ^2.3.6
    esm: ^3.2.25
    license-checker: ^25.0.1
    ora: ^5.4.1
  bin:
    generate-license-file: bin/generate-license-file
  checksum: c09cd432a1972e2c6725447a8655e516a649a7fbfed996db90b07836723dc3b602e1485211e2abdcd5ddf1aa751f71d3c460c09f574d7ba59bd5ee62abf92abd
  languageName: node
  linkType: hard

"glob@npm:^7.1.1":
  version: 7.2.3
  resolution: "glob@npm:7.2.3"
  dependencies:
    fs.realpath: ^1.0.0
    inflight: ^1.0.4
    inherits: 2
    minimatch: ^3.1.1
    once: ^1.3.0
    path-is-absolute: ^1.0.0
  checksum: 29452e97b38fa704dabb1d1045350fb2467cf0277e155aa9ff7077e90ad81d1ea9d53d3ee63bd37c05b09a065e90f16aec4a65f5b8de401d1dac40bc5605d133
  languageName: node
  linkType: hard

"graceful-fs@npm:^4.1.2":
  version: 4.2.11
  resolution: "graceful-fs@npm:4.2.11"
  checksum: ac85f94da92d8eb6b7f5a8b20ce65e43d66761c55ce85ac96df6865308390da45a8d3f0296dd3a663de65d30ba497bd46c696cc1e248c72b13d6d567138a4fc7
  languageName: node
  linkType: hard

"has-flag@npm:^3.0.0":
  version: 3.0.0
  resolution: "has-flag@npm:3.0.0"
  checksum: 4a15638b454bf086c8148979aae044dd6e39d63904cd452d970374fa6a87623423da485dfb814e7be882e05c096a7ccf1ebd48e7e7501d0208d8384ff4dea73b
  languageName: node
  linkType: hard

"has-flag@npm:^4.0.0":
  version: 4.0.0
  resolution: "has-flag@npm:4.0.0"
  checksum: 261a1357037ead75e338156b1f9452c016a37dcd3283a972a30d9e4a87441ba372c8b81f818cd0fbcd9c0354b4ae7e18b9e1afa1971164aef6d18c2b6095a8ad
  languageName: node
  linkType: hard

"has@npm:^1.0.3":
  version: 1.0.3
  resolution: "has@npm:1.0.3"
  dependencies:
    function-bind: ^1.1.1
  checksum: b9ad53d53be4af90ce5d1c38331e712522417d017d5ef1ebd0507e07c2fbad8686fffb8e12ddecd4c39ca9b9b47431afbb975b8abf7f3c3b82c98e9aad052792
  languageName: node
  linkType: hard

"hosted-git-info@npm:^2.1.4":
  version: 2.8.9
  resolution: "hosted-git-info@npm:2.8.9"
  checksum: c955394bdab888a1e9bb10eb33029e0f7ce5a2ac7b3f158099dc8c486c99e73809dca609f5694b223920ca2174db33d32b12f9a2a47141dc59607c29da5a62dd
  languageName: node
  linkType: hard

"ieee754@npm:^1.1.13":
  version: 1.2.1
  resolution: "ieee754@npm:1.2.1"
  checksum: 5144c0c9815e54ada181d80a0b810221a253562422e7c6c3a60b1901154184f49326ec239d618c416c1c5945a2e197107aee8d986a3dd836b53dffefd99b5e7e
  languageName: node
  linkType: hard

"inflight@npm:^1.0.4":
  version: 1.0.6
  resolution: "inflight@npm:1.0.6"
  dependencies:
    once: ^1.3.0
    wrappy: 1
  checksum: f4f76aa072ce19fae87ce1ef7d221e709afb59d445e05d47fba710e85470923a75de35bfae47da6de1b18afc3ce83d70facf44cfb0aff89f0a3f45c0a0244dfd
  languageName: node
  linkType: hard

"inherits@npm:2, inherits@npm:^2.0.3, inherits@npm:^2.0.4":
  version: 2.0.4
  resolution: "inherits@npm:2.0.4"
  checksum: 4a48a733847879d6cf6691860a6b1e3f0f4754176e4d71494c41f3475553768b10f84b5ce1d40fbd0e34e6bfbb864ee35858ad4dd2cf31e02fc4a154b724d7f1
  languageName: node
  linkType: hard

"is-core-module@npm:^2.12.0":
  version: 2.12.1
  resolution: "is-core-module@npm:2.12.1"
  dependencies:
    has: ^1.0.3
  checksum: f04ea30533b5e62764e7b2e049d3157dc0abd95ef44275b32489ea2081176ac9746ffb1cdb107445cf1ff0e0dfcad522726ca27c27ece64dadf3795428b8e468
  languageName: node
  linkType: hard

"is-interactive@npm:^1.0.0":
  version: 1.0.0
  resolution: "is-interactive@npm:1.0.0"
  checksum: 824808776e2d468b2916cdd6c16acacebce060d844c35ca6d82267da692e92c3a16fdba624c50b54a63f38bdc4016055b6f443ce57d7147240de4f8cdabaf6f9
  languageName: node
  linkType: hard

"is-unicode-supported@npm:^0.1.0":
  version: 0.1.0
  resolution: "is-unicode-supported@npm:0.1.0"
  checksum: a2aab86ee7712f5c2f999180daaba5f361bdad1efadc9610ff5b8ab5495b86e4f627839d085c6530363c6d6d4ecbde340fb8e54bdb83da4ba8e0865ed5513c52
  languageName: node
  linkType: hard

"json-parse-even-better-errors@npm:^2.3.0":
  version: 2.3.1
  resolution: "json-parse-even-better-errors@npm:2.3.1"
  checksum: 798ed4cf3354a2d9ccd78e86d2169515a0097a5c133337807cdf7f1fc32e1391d207ccfc276518cc1d7d8d4db93288b8a50ba4293d212ad1336e52a8ec0a941f
  languageName: node
  linkType: hard

"license-checker@npm:^25.0.1":
  version: 25.0.1
  resolution: "license-checker@npm:25.0.1"
  dependencies:
    chalk: ^2.4.1
    debug: ^3.1.0
    mkdirp: ^0.5.1
    nopt: ^4.0.1
    read-installed: ~4.0.3
    semver: ^5.5.0
    spdx-correct: ^3.0.0
    spdx-expression-parse: ^3.0.0
    spdx-satisfies: ^4.0.0
    treeify: ^1.1.0
  bin:
    license-checker: ./bin/license-checker
  checksum: deaabf56b471cfcd7bda190753becf2589c1fede585f21160f1c3bdcff255ef013401bdeaeb6ddcfde796ed4d03612508a6338b2465132205aaf73df45c9c2b5
  languageName: node
  linkType: hard

"log-symbols@npm:^4.1.0":
  version: 4.1.0
  resolution: "log-symbols@npm:4.1.0"
  dependencies:
    chalk: ^4.1.0
    is-unicode-supported: ^0.1.0
  checksum: fce1497b3135a0198803f9f07464165e9eb83ed02ceb2273930a6f8a508951178d8cf4f0378e9d28300a2ed2bc49050995d2bd5f53ab716bb15ac84d58c6ef74
  languageName: node
  linkType: hard

"mimic-fn@npm:^2.1.0":
  version: 2.1.0
  resolution: "mimic-fn@npm:2.1.0"
  checksum: d2421a3444848ce7f84bd49115ddacff29c15745db73f54041edc906c14b131a38d05298dae3081667627a59b2eb1ca4b436ff2e1b80f69679522410418b478a
  languageName: node
  linkType: hard

"minimatch@npm:^3.1.1":
  version: 3.1.2
  resolution: "minimatch@npm:3.1.2"
  dependencies:
    brace-expansion: ^1.1.7
  checksum: c154e566406683e7bcb746e000b84d74465b3a832c45d59912b9b55cd50dee66e5c4b1e5566dba26154040e51672f9aa450a9aef0c97cfc7336b78b7afb9540a
  languageName: node
  linkType: hard

"minimist@npm:^1.2.6":
  version: 1.2.8
  resolution: "minimist@npm:1.2.8"
  checksum: 75a6d645fb122dad29c06a7597bddea977258957ed88d7a6df59b5cd3fe4a527e253e9bbf2e783e4b73657f9098b96a5fe96ab8a113655d4109108577ecf85b0
  languageName: node
  linkType: hard

"mkdirp@npm:^0.5.1":
  version: 0.5.6
  resolution: "mkdirp@npm:0.5.6"
  dependencies:
    minimist: ^1.2.6
  bin:
    mkdirp: bin/cmd.js
  checksum: 0c91b721bb12c3f9af4b77ebf73604baf350e64d80df91754dc509491ae93bf238581e59c7188360cec7cb62fc4100959245a42cfe01834efedc5e9d068376c2
  languageName: node
  linkType: hard

"ms@npm:^2.1.1":
  version: 2.1.3
  resolution: "ms@npm:2.1.3"
  checksum: aa92de608021b242401676e35cfa5aa42dd70cbdc082b916da7fb925c542173e36bce97ea3e804923fe92c0ad991434e4a38327e15a1b5b5f945d66df615ae6d
  languageName: node
  linkType: hard

"musickit-typescript@npm:^1.2.4":
  version: 1.2.4
  resolution: "musickit-typescript@npm:1.2.4"
  checksum: d4d5dc182f2b589ca7ae7318ddc90729a0ac5845c1e098bfc56a31aca5ca05960260c97976bfe0166b9f9a2c798042616aae2a71c385cabd322652b08e54e6f8
  languageName: node
  linkType: hard

"nopt@npm:^4.0.1":
  version: 4.0.3
  resolution: "nopt@npm:4.0.3"
  dependencies:
    abbrev: 1
    osenv: ^0.1.4
  bin:
    nopt: bin/nopt.js
  checksum: 66cd3b6021fc8130fc201236bc3dce614fc86988b78faa91377538b09d57aad9ba4300b5d6a01dc93d6c6f2c170f81cc893063d496d108150b65191beb4a50a4
  languageName: node
  linkType: hard

"normalize-package-data@npm:^2.0.0":
  version: 2.5.0
  resolution: "normalize-package-data@npm:2.5.0"
  dependencies:
    hosted-git-info: ^2.1.4
    resolve: ^1.10.0
    semver: 2 || 3 || 4 || 5
    validate-npm-package-license: ^3.0.1
  checksum: 7999112efc35a6259bc22db460540cae06564aa65d0271e3bdfa86876d08b0e578b7b5b0028ee61b23f1cae9fc0e7847e4edc0948d3068a39a2a82853efc8499
  languageName: node
  linkType: hard

"npm-normalize-package-bin@npm:^1.0.0":
  version: 1.0.1
  resolution: "npm-normalize-package-bin@npm:1.0.1"
  checksum: ae7f15155a1e3ace2653f12ddd1ee8eaa3c84452fdfbf2f1943e1de264e4b079c86645e2c55931a51a0a498cba31f70022a5219d5665fbcb221e99e58bc70122
  languageName: node
  linkType: hard

"once@npm:^1.3.0":
  version: 1.4.0
  resolution: "once@npm:1.4.0"
  dependencies:
    wrappy: 1
  checksum: cd0a88501333edd640d95f0d2700fbde6bff20b3d4d9bdc521bdd31af0656b5706570d6c6afe532045a20bb8dc0849f8332d6f2a416e0ba6d3d3b98806c7db68
  languageName: node
  linkType: hard

"onetime@npm:^5.1.0":
  version: 5.1.2
  resolution: "onetime@npm:5.1.2"
  dependencies:
    mimic-fn: ^2.1.0
  checksum: 2478859ef817fc5d4e9c2f9e5728512ddd1dbc9fb7829ad263765bb6d3b91ce699d6e2332eef6b7dff183c2f490bd3349f1666427eaba4469fba0ac38dfd0d34
  languageName: node
  linkType: hard

"ora@npm:^5.4.1":
  version: 5.4.1
  resolution: "ora@npm:5.4.1"
  dependencies:
    bl: ^4.1.0
    chalk: ^4.1.0
    cli-cursor: ^3.1.0
    cli-spinners: ^2.5.0
    is-interactive: ^1.0.0
    is-unicode-supported: ^0.1.0
    log-symbols: ^4.1.0
    strip-ansi: ^6.0.0
    wcwidth: ^1.0.1
  checksum: 28d476ee6c1049d68368c0dc922e7225e3b5600c3ede88fade8052837f9ed342625fdaa84a6209302587c8ddd9b664f71f0759833cbdb3a4cf81344057e63c63
  languageName: node
  linkType: hard

"os-homedir@npm:^1.0.0":
  version: 1.0.2
  resolution: "os-homedir@npm:1.0.2"
  checksum: af609f5a7ab72de2f6ca9be6d6b91a599777afc122ac5cad47e126c1f67c176fe9b52516b9eeca1ff6ca0ab8587fe66208bc85e40a3940125f03cdb91408e9d2
  languageName: node
  linkType: hard

"os-tmpdir@npm:^1.0.0":
  version: 1.0.2
  resolution: "os-tmpdir@npm:1.0.2"
  checksum: 5666560f7b9f10182548bf7013883265be33620b1c1b4a4d405c25be2636f970c5488ff3e6c48de75b55d02bde037249fe5dbfbb4c0fb7714953d56aed062e6d
  languageName: node
  linkType: hard

"osenv@npm:^0.1.4":
  version: 0.1.5
  resolution: "osenv@npm:0.1.5"
  dependencies:
    os-homedir: ^1.0.0
    os-tmpdir: ^1.0.0
  checksum: 779d261920f2a13e5e18cf02446484f12747d3f2ff82280912f52b213162d43d312647a40c332373cbccd5e3fb8126915d3bfea8dde4827f70f82da76e52d359
  languageName: node
  linkType: hard

"path-is-absolute@npm:^1.0.0":
  version: 1.0.1
  resolution: "path-is-absolute@npm:1.0.1"
  checksum: 060840f92cf8effa293bcc1bea81281bd7d363731d214cbe5c227df207c34cd727430f70c6037b5159c8a870b9157cba65e775446b0ab06fd5ecc7e54615a3b8
  languageName: node
  linkType: hard

"path-parse@npm:^1.0.7":
  version: 1.0.7
  resolution: "path-parse@npm:1.0.7"
  checksum: 49abf3d81115642938a8700ec580da6e830dde670be21893c62f4e10bd7dd4c3742ddc603fe24f898cba7eb0c6bc1777f8d9ac14185d34540c6d4d80cd9cae8a
  languageName: node
  linkType: hard

"read-installed@npm:~4.0.3":
  version: 4.0.3
  resolution: "read-installed@npm:4.0.3"
  dependencies:
    debuglog: ^1.0.1
    graceful-fs: ^4.1.2
    read-package-json: ^2.0.0
    readdir-scoped-modules: ^1.0.0
    semver: 2 || 3 || 4 || 5
    slide: ~1.1.3
    util-extend: ^1.0.1
  dependenciesMeta:
    graceful-fs:
      optional: true
  checksum: 44429cd2085a294184bfb83fbd06558815a6c84ce23df28e66c63feb605cb87438b5aa93d3bc7c70679e2bd3ae774b59c2d13a39e8ea993629759eef2bd9e2fa
  languageName: node
  linkType: hard

"read-package-json@npm:^2.0.0":
  version: 2.1.2
  resolution: "read-package-json@npm:2.1.2"
  dependencies:
    glob: ^7.1.1
    json-parse-even-better-errors: ^2.3.0
    normalize-package-data: ^2.0.0
    npm-normalize-package-bin: ^1.0.0
  checksum: 56a2642851e9321a68e1708263944bf5ab8a2c172daf3f13f18aad32fbe2f2ba516935b068c93771d9671012aec4596962c20417aca8b5e73501bc647691337a
  languageName: node
  linkType: hard

"readable-stream@npm:^3.4.0":
  version: 3.6.2
  resolution: "readable-stream@npm:3.6.2"
  dependencies:
    inherits: ^2.0.3
    string_decoder: ^1.1.1
    util-deprecate: ^1.0.1
  checksum: bdcbe6c22e846b6af075e32cf8f4751c2576238c5043169a1c221c92ee2878458a816a4ea33f4c67623c0b6827c8a400409bfb3cf0bf3381392d0b1dfb52ac8d
  languageName: node
  linkType: hard

"readdir-scoped-modules@npm:^1.0.0":
  version: 1.1.0
  resolution: "readdir-scoped-modules@npm:1.1.0"
  dependencies:
    debuglog: ^1.0.1
    dezalgo: ^1.0.0
    graceful-fs: ^4.1.2
    once: ^1.3.0
  checksum: 6d9f334e40dfd0f5e4a8aab5e67eb460c95c85083c690431f87ab2c9135191170e70c2db6d71afcafb78e073d23eb95dcb3fc33ef91308f6ebfe3197be35e608
  languageName: node
  linkType: hard

"resolve@npm:^1.10.0":
  version: 1.22.3
  resolution: "resolve@npm:1.22.3"
  dependencies:
    is-core-module: ^2.12.0
    path-parse: ^1.0.7
    supports-preserve-symlinks-flag: ^1.0.0
  bin:
    resolve: bin/resolve
  checksum: fb834b81348428cb545ff1b828a72ea28feb5a97c026a1cf40aa1008352c72811ff4d4e71f2035273dc536dcfcae20c13604ba6283c612d70fa0b6e44519c374
  languageName: node
  linkType: hard

"resolve@patch:resolve@^1.10.0#~builtin<compat/resolve>":
  version: 1.22.3
  resolution: "resolve@patch:resolve@npm%3A1.22.3#~builtin<compat/resolve>::version=1.22.3&hash=c3c19d"
  dependencies:
    is-core-module: ^2.12.0
    path-parse: ^1.0.7
    supports-preserve-symlinks-flag: ^1.0.0
  bin:
    resolve: bin/resolve
  checksum: ad59734723b596d0891321c951592ed9015a77ce84907f89c9d9307dd0c06e11a67906a3e628c4cae143d3e44898603478af0ddeb2bba3f229a9373efe342665
  languageName: node
  linkType: hard

"restore-cursor@npm:^3.1.0":
  version: 3.1.0
  resolution: "restore-cursor@npm:3.1.0"
  dependencies:
    onetime: ^5.1.0
    signal-exit: ^3.0.2
  checksum: f877dd8741796b909f2a82454ec111afb84eb45890eb49ac947d87991379406b3b83ff9673a46012fca0d7844bb989f45cc5b788254cf1a39b6b5a9659de0630
  languageName: node
  linkType: hard

"safe-buffer@npm:~5.2.0":
  version: 5.2.1
  resolution: "safe-buffer@npm:5.2.1"
  checksum: b99c4b41fdd67a6aaf280fcd05e9ffb0813654894223afb78a31f14a19ad220bba8aba1cb14eddce1fcfb037155fe6de4e861784eb434f7d11ed58d1e70dd491
  languageName: node
  linkType: hard

"semver@npm:2 || 3 || 4 || 5, semver@npm:^5.5.0":
  version: 5.7.2
  resolution: "semver@npm:5.7.2"
  bin:
    semver: bin/semver
  checksum: fb4ab5e0dd1c22ce0c937ea390b4a822147a9c53dbd2a9a0132f12fe382902beef4fbf12cf51bb955248d8d15874ce8cd89532569756384f994309825f10b686
  languageName: node
  linkType: hard

"signal-exit@npm:^3.0.2":
  version: 3.0.7
  resolution: "signal-exit@npm:3.0.7"
  checksum: a2f098f247adc367dffc27845853e9959b9e88b01cb301658cfe4194352d8d2bb32e18467c786a7fe15f1d44b233ea35633d076d5e737870b7139949d1ab6318
  languageName: node
  linkType: hard

"slide@npm:~1.1.3":
  version: 1.1.6
  resolution: "slide@npm:1.1.6"
  checksum: 5768635d227172e215b7a1a91d32f8781f5783b4961feaaf3d536bbf83cc51878928c137508cde7659fea6d7c04074927cab982731302771ee0051518ff24896
  languageName: node
  linkType: hard

"spdx-compare@npm:^1.0.0":
  version: 1.0.0
  resolution: "spdx-compare@npm:1.0.0"
  dependencies:
    array-find-index: ^1.0.2
    spdx-expression-parse: ^3.0.0
    spdx-ranges: ^2.0.0
  checksum: 7d8b55b31163ba8e7abeaf69d8d7accba5aee324dd55e22a796a685ec4d5e3c3cbc2683b9a2edff5543ee6f6242f4ec22c15dc2e493eb807690fb65e1051e5eb
  languageName: node
  linkType: hard

"spdx-correct@npm:^3.0.0":
  version: 3.2.0
  resolution: "spdx-correct@npm:3.2.0"
  dependencies:
    spdx-expression-parse: ^3.0.0
    spdx-license-ids: ^3.0.0
  checksum: e9ae98d22f69c88e7aff5b8778dc01c361ef635580e82d29e5c60a6533cc8f4d820803e67d7432581af0cc4fb49973125076ee3b90df191d153e223c004193b2
  languageName: node
  linkType: hard

"spdx-exceptions@npm:^2.1.0":
  version: 2.3.0
  resolution: "spdx-exceptions@npm:2.3.0"
  checksum: cb69a26fa3b46305637123cd37c85f75610e8c477b6476fa7354eb67c08128d159f1d36715f19be6f9daf4b680337deb8c65acdcae7f2608ba51931540687ac0
  languageName: node
  linkType: hard

"spdx-expression-parse@npm:^3.0.0":
  version: 3.0.1
  resolution: "spdx-expression-parse@npm:3.0.1"
  dependencies:
    spdx-exceptions: ^2.1.0
    spdx-license-ids: ^3.0.0
  checksum: a1c6e104a2cbada7a593eaa9f430bd5e148ef5290d4c0409899855ce8b1c39652bcc88a725259491a82601159d6dc790bedefc9016c7472f7de8de7361f8ccde
  languageName: node
  linkType: hard

"spdx-license-ids@npm:^3.0.0":
  version: 3.0.13
  resolution: "spdx-license-ids@npm:3.0.13"
  checksum: 3469d85c65f3245a279fa11afc250c3dca96e9e847f2f79d57f466940c5bb8495da08a542646086d499b7f24a74b8d0b42f3fc0f95d50ff99af1f599f6360ad7
  languageName: node
  linkType: hard

"spdx-ranges@npm:^2.0.0":
  version: 2.1.1
  resolution: "spdx-ranges@npm:2.1.1"
  checksum: f807bd915aa2975bcebd9c4b4805661f248efcd4953ee62557626452fcd2933183f5b1a307d65507d8be6b9519b4e46dce05b61db0fbd5fce253b8f6d69bbbad
  languageName: node
  linkType: hard

"spdx-satisfies@npm:^4.0.0":
  version: 4.0.1
  resolution: "spdx-satisfies@npm:4.0.1"
  dependencies:
    spdx-compare: ^1.0.0
    spdx-expression-parse: ^3.0.0
    spdx-ranges: ^2.0.0
  checksum: a44c3665b1eb991285b6c1019d97a3df43290b39436e7a914dc99498580039cfe7d20e0680856c1d420ffa365fd7de3c39ee534abd3130a6fec6c2bd24259cca
  languageName: node
  linkType: hard

"string_decoder@npm:^1.1.1":
  version: 1.3.0
  resolution: "string_decoder@npm:1.3.0"
  dependencies:
    safe-buffer: ~5.2.0
  checksum: 8417646695a66e73aefc4420eb3b84cc9ffd89572861fe004e6aeb13c7bc00e2f616247505d2dbbef24247c372f70268f594af7126f43548565c68c117bdeb56
  languageName: node
  linkType: hard

"strip-ansi@npm:^6.0.0, strip-ansi@npm:^6.0.1":
  version: 6.0.1
  resolution: "strip-ansi@npm:6.0.1"
  dependencies:
    ansi-regex: ^5.0.1
  checksum: f3cd25890aef3ba6e1a74e20896c21a46f482e93df4a06567cebf2b57edabb15133f1f94e57434e0a958d61186087b1008e89c94875d019910a213181a14fc8c
  languageName: node
  linkType: hard

"supports-color@npm:^5.3.0":
  version: 5.5.0
  resolution: "supports-color@npm:5.5.0"
  dependencies:
    has-flag: ^3.0.0
  checksum: 95f6f4ba5afdf92f495b5a912d4abee8dcba766ae719b975c56c084f5004845f6f5a5f7769f52d53f40e21952a6d87411bafe34af4a01e65f9926002e38e1dac
  languageName: node
  linkType: hard

"supports-color@npm:^7.1.0":
  version: 7.2.0
  resolution: "supports-color@npm:7.2.0"
  dependencies:
    has-flag: ^4.0.0
  checksum: 3dda818de06ebbe5b9653e07842d9479f3555ebc77e9a0280caf5a14fb877ffee9ed57007c3b78f5a6324b8dbeec648d9e97a24e2ed9fdb81ddc69ea07100f4a
  languageName: node
  linkType: hard

"supports-preserve-symlinks-flag@npm:^1.0.0":
  version: 1.0.0
  resolution: "supports-preserve-symlinks-flag@npm:1.0.0"
  checksum: 53b1e247e68e05db7b3808b99b892bd36fb096e6fba213a06da7fab22045e97597db425c724f2bbd6c99a3c295e1e73f3e4de78592289f38431049e1277ca0ae
  languageName: node
  linkType: hard

"treeify@npm:^1.1.0":
  version: 1.1.0
  resolution: "treeify@npm:1.1.0"
  checksum: aa00dded220c1dd052573bd6fc2c52862f09870851a284f0d3650d72bf913ba9b4f6b824f4f1ab81899bae29375f4266b07fe47cbf82343a1efa13cc09ce87af
  languageName: node
  linkType: hard

"util-deprecate@npm:^1.0.1":
  version: 1.0.2
  resolution: "util-deprecate@npm:1.0.2"
  checksum: 474acf1146cb2701fe3b074892217553dfcf9a031280919ba1b8d651a068c9b15d863b7303cb15bd00a862b498e6cf4ad7b4a08fb134edd5a6f7641681cb54a2
  languageName: node
  linkType: hard

"util-extend@npm:^1.0.1":
  version: 1.0.3
  resolution: "util-extend@npm:1.0.3"
  checksum: da57f399b331f40fe2cea5409b1f4939231433db9b52dac5593e4390a98b7b0d1318a0daefbcc48123fffe5026ef49f418b3e4df7a4cd7649a2583e559c608a5
  languageName: node
  linkType: hard

"validate-npm-package-license@npm:^3.0.1":
  version: 3.0.4
  resolution: "validate-npm-package-license@npm:3.0.4"
  dependencies:
    spdx-correct: ^3.0.0
    spdx-expression-parse: ^3.0.0
  checksum: 35703ac889d419cf2aceef63daeadbe4e77227c39ab6287eeb6c1b36a746b364f50ba22e88591f5d017bc54685d8137bc2d328d0a896e4d3fd22093c0f32a9ad
  languageName: node
  linkType: hard

"wcwidth@npm:^1.0.1":
  version: 1.0.1
  resolution: "wcwidth@npm:1.0.1"
  dependencies:
    defaults: ^1.0.3
  checksum: 814e9d1ddcc9798f7377ffa448a5a3892232b9275ebb30a41b529607691c0491de47cba426e917a4d08ded3ee7e9ba2f3fe32e62ee3cd9c7d3bafb7754bd553c
  languageName: node
  linkType: hard

"wrappy@npm:1":
  version: 1.0.2
  resolution: "wrappy@npm:1.0.2"
  checksum: 159da4805f7e84a3d003d8841557196034155008f817172d4e986bd591f74aa82aa7db55929a54222309e01079a65a92a9e6414da5a6aa4b01ee44a511ac3ee5
  languageName: node
  linkType: hard
