// !$*UTF8*$!
{
	archiveVersion = 1;
	classes = {
	};
	objectVersion = 55;
	objects = {

/* Begin PBXBuildFile section */
		B700C18328B920F10069FDF5 /* ContentView.swift in Sources */ = {isa = PBXBuildFile; fileRef = B700C18228B920F10069FDF5 /* ContentView.swift */; };
		B700C18528B920F20069FDF5 /* Assets.xcassets in Resources */ = {isa = PBXBuildFile; fileRef = B700C18428B920F20069FDF5 /* Assets.xcassets */; };
		B700C18828B920F20069FDF5 /* Preview Assets.xcassets in Resources */ = {isa = PBXBuildFile; fileRef = B700C18728B920F20069FDF5 /* Preview Assets.xcassets */; };
		B700C19328B92A400069FDF5 /* Inject in Frameworks */ = {isa = PBXBuildFile; productRef = B700C19228B92A400069FDF5 /* Inject */; };
		B700C19528B92A4C0069FDF5 /* main.swift in Sources */ = {isa = PBXBuildFile; fileRef = B700C19428B92A4C0069FDF5 /* main.swift */; };
		B700C19828B92AF30069FDF5 /* NSScreen.swift in Sources */ = {isa = PBXBuildFile; fileRef = B700C19728B92AF30069FDF5 /* NSScreen.swift */; };
		B700C19A28B92E020069FDF5 /* AppWindow.swift in Sources */ = {isa = PBXBuildFile; fileRef = B700C19928B92E020069FDF5 /* AppWindow.swift */; };
		B700C1A628B955090069FDF5 /* AppMenu.swift in Sources */ = {isa = PBXBuildFile; fileRef = B700C1A528B955090069FDF5 /* AppMenu.swift */; };
		B700C1AB28B955C20069FDF5 /* AppTitleBar.swift in Sources */ = {isa = PBXBuildFile; fileRef = B700C1AA28B955C20069FDF5 /* AppTitleBar.swift */; };
		B700C1B028B969F70069FDF5 /* VisualEffectBackground.swift in Sources */ = {isa = PBXBuildFile; fileRef = B700C1AF28B969F70069FDF5 /* VisualEffectBackground.swift */; };
		B700C1B428B96DBD0069FDF5 /* TitleBarActionButton.swift in Sources */ = {isa = PBXBuildFile; fileRef = B700C1B328B96DBD0069FDF5 /* TitleBarActionButton.swift */; };
		B700C1B628B97CAC0069FDF5 /* SegmentedControl.swift in Sources */ = {isa = PBXBuildFile; fileRef = B700C1B528B97CAC0069FDF5 /* SegmentedControl.swift */; };
		B7AAB6FA28BABE83009AABEA /* SearchModal.swift in Sources */ = {isa = PBXBuildFile; fileRef = B7AAB6F928BABE83009AABEA /* SearchModal.swift */; };
		B7AAB6FC28BABF64009AABEA /* SearchBar.swift in Sources */ = {isa = PBXBuildFile; fileRef = B7AAB6FB28BABF64009AABEA /* SearchBar.swift */; };
		B7AAB6FF28BAC81D009AABEA /* Introspect in Frameworks */ = {isa = PBXBuildFile; productRef = B7AAB6FE28BAC81D009AABEA /* Introspect */; };
/* End PBXBuildFile section */

/* Begin PBXFileReference section */
		B700C17D28B920F10069FDF5 /* Cider.app */ = {isa = PBXFileReference; explicitFileType = wrapper.application; includeInIndex = 0; path = Cider.app; sourceTree = BUILT_PRODUCTS_DIR; };
		B700C18228B920F10069FDF5 /* ContentView.swift */ = {isa = PBXFileReference; lastKnownFileType = sourcecode.swift; path = ContentView.swift; sourceTree = "<group>"; };
		B700C18428B920F20069FDF5 /* Assets.xcassets */ = {isa = PBXFileReference; lastKnownFileType = folder.assetcatalog; path = Assets.xcassets; sourceTree = "<group>"; };
		B700C18728B920F20069FDF5 /* Preview Assets.xcassets */ = {isa = PBXFileReference; lastKnownFileType = folder.assetcatalog; path = "Preview Assets.xcassets"; sourceTree = "<group>"; };
		B700C18928B920F20069FDF5 /* Cider.entitlements */ = {isa = PBXFileReference; lastKnownFileType = text.plist.entitlements; path = Cider.entitlements; sourceTree = "<group>"; };
		B700C19428B92A4C0069FDF5 /* main.swift */ = {isa = PBXFileReference; lastKnownFileType = sourcecode.swift; path = main.swift; sourceTree = "<group>"; };
		B700C19728B92AF30069FDF5 /* NSScreen.swift */ = {isa = PBXFileReference; lastKnownFileType = sourcecode.swift; path = NSScreen.swift; sourceTree = "<group>"; };
		B700C19928B92E020069FDF5 /* AppWindow.swift */ = {isa = PBXFileReference; lastKnownFileType = sourcecode.swift; path = AppWindow.swift; sourceTree = "<group>"; };
		B700C1A328B954DF0069FDF5 /* AppMenu.swift */ = {isa = PBXFileReference; fileEncoding = 4; lastKnownFileType = sourcecode.swift; name = AppMenu.swift; path = ../../../../../.Trash/AppMenu.swift; sourceTree = "<group>"; };
		B700C1A528B955090069FDF5 /* AppMenu.swift */ = {isa = PBXFileReference; fileEncoding = 4; lastKnownFileType = sourcecode.swift; path = AppMenu.swift; sourceTree = "<group>"; };
		B700C1AA28B955C20069FDF5 /* AppTitleBar.swift */ = {isa = PBXFileReference; lastKnownFileType = sourcecode.swift; path = AppTitleBar.swift; sourceTree = "<group>"; };
		B700C1AC28B956550069FDF5 /* CiderDebug.entitlements */ = {isa = PBXFileReference; lastKnownFileType = text.plist.entitlements; path = CiderDebug.entitlements; sourceTree = "<group>"; };
		B700C1AF28B969F70069FDF5 /* VisualEffectBackground.swift */ = {isa = PBXFileReference; lastKnownFileType = sourcecode.swift; path = VisualEffectBackground.swift; sourceTree = "<group>"; };
		B700C1B328B96DBD0069FDF5 /* TitleBarActionButton.swift */ = {isa = PBXFileReference; lastKnownFileType = sourcecode.swift; path = TitleBarActionButton.swift; sourceTree = "<group>"; };
		B700C1B528B97CAC0069FDF5 /* SegmentedControl.swift */ = {isa = PBXFileReference; lastKnownFileType = sourcecode.swift; path = SegmentedControl.swift; sourceTree = "<group>"; };
		B7AAB6F928BABE83009AABEA /* SearchModal.swift */ = {isa = PBXFileReference; lastKnownFileType = sourcecode.swift; path = SearchModal.swift; sourceTree = "<group>"; };
		B7AAB6FB28BABF64009AABEA /* SearchBar.swift */ = {isa = PBXFileReference; lastKnownFileType = sourcecode.swift; path = SearchBar.swift; sourceTree = "<group>"; };
/* End PBXFileReference section */

/* Begin PBXFrameworksBuildPhase section */
		B700C17A28B920F10069FDF5 /* Frameworks */ = {
			isa = PBXFrameworksBuildPhase;
			buildActionMask = 2147483647;
			files = (
				B700C19328B92A400069FDF5 /* Inject in Frameworks */,
				B7AAB6FF28BAC81D009AABEA /* Introspect in Frameworks */,
			);
			runOnlyForDeploymentPostprocessing = 0;
		};
/* End PBXFrameworksBuildPhase section */

/* Begin PBXGroup section */
		B700C17428B920F10069FDF5 = {
			isa = PBXGroup;
			children = (
				B700C17F28B920F10069FDF5 /* Cider */,
				B700C17E28B920F10069FDF5 /* Products */,
			);
			sourceTree = "<group>";
		};
		B700C17E28B920F10069FDF5 /* Products */ = {
			isa = PBXGroup;
			children = (
				B700C17D28B920F10069FDF5 /* Cider.app */,
			);
			name = Products;
			sourceTree = "<group>";
		};
		B700C17F28B920F10069FDF5 /* Cider */ = {
			isa = PBXGroup;
			children = (
				B7AAB6F828BABE57009AABEA /* Modals */,
				B7AAB6F728BA2DBF009AABEA /* Utils */,
				B700C1AC28B956550069FDF5 /* CiderDebug.entitlements */,
				B700C1A928B955B10069FDF5 /* Views */,
				B700C1A528B955090069FDF5 /* AppMenu.swift */,
				B700C19628B92AEB0069FDF5 /* Extensions */,
				B700C18228B920F10069FDF5 /* ContentView.swift */,
				B700C18428B920F20069FDF5 /* Assets.xcassets */,
				B700C18928B920F20069FDF5 /* Cider.entitlements */,
				B700C18628B920F20069FDF5 /* Preview Content */,
				B700C19428B92A4C0069FDF5 /* main.swift */,
				B700C19928B92E020069FDF5 /* AppWindow.swift */,
			);
			path = Cider;
			sourceTree = "<group>";
		};
		B700C18628B920F20069FDF5 /* Preview Content */ = {
			isa = PBXGroup;
			children = (
				B700C18728B920F20069FDF5 /* Preview Assets.xcassets */,
			);
			path = "Preview Content";
			sourceTree = "<group>";
		};
		B700C19628B92AEB0069FDF5 /* Extensions */ = {
			isa = PBXGroup;
			children = (
				B700C1A328B954DF0069FDF5 /* AppMenu.swift */,
				B700C19728B92AF30069FDF5 /* NSScreen.swift */,
			);
			path = Extensions;
			sourceTree = "<group>";
		};
		B700C1A928B955B10069FDF5 /* Views */ = {
			isa = PBXGroup;
			children = (
				B700C1AA28B955C20069FDF5 /* AppTitleBar.swift */,
				B700C1AF28B969F70069FDF5 /* VisualEffectBackground.swift */,
				B700C1B328B96DBD0069FDF5 /* TitleBarActionButton.swift */,
				B700C1B528B97CAC0069FDF5 /* SegmentedControl.swift */,
				B7AAB6FB28BABF64009AABEA /* SearchBar.swift */,
			);
			path = Views;
			sourceTree = "<group>";
		};
		B7AAB6F728BA2DBF009AABEA /* Utils */ = {
			isa = PBXGroup;
			children = (
			);
			path = Utils;
			sourceTree = "<group>";
		};
		B7AAB6F828BABE57009AABEA /* Modals */ = {
			isa = PBXGroup;
			children = (
				B7AAB6F928BABE83009AABEA /* SearchModal.swift */,
			);
			path = Modals;
			sourceTree = "<group>";
		};
/* End PBXGroup section */

/* Begin PBXNativeTarget section */
		B700C17C28B920F10069FDF5 /* Cider */ = {
			isa = PBXNativeTarget;
			buildConfigurationList = B700C18C28B920F20069FDF5 /* Build configuration list for PBXNativeTarget "Cider" */;
			buildPhases = (
				B700C17928B920F10069FDF5 /* Sources */,
				B700C17A28B920F10069FDF5 /* Frameworks */,
				B700C17B28B920F10069FDF5 /* Resources */,
			);
			buildRules = (
			);
			dependencies = (
			);
			name = Cider;
			packageProductDependencies = (
				B700C19228B92A400069FDF5 /* Inject */,
				B7AAB6FE28BAC81D009AABEA /* Introspect */,
			);
			productName = Cider;
			productReference = B700C17D28B920F10069FDF5 /* Cider.app */;
			productType = "com.apple.product-type.application";
		};
/* End PBXNativeTarget section */

/* Begin PBXProject section */
		B700C17528B920F10069FDF5 /* Project object */ = {
			isa = PBXProject;
			attributes = {
				BuildIndependentTargetsInParallel = 1;
				LastSwiftUpdateCheck = 1340;
				LastUpgradeCheck = 1340;
				ORGANIZATIONNAME = "Cider Collective";
				TargetAttributes = {
					B700C17C28B920F10069FDF5 = {
						CreatedOnToolsVersion = 13.4.1;
					};
				};
			};
			buildConfigurationList = B700C17828B920F10069FDF5 /* Build configuration list for PBXProject "Cider" */;
			compatibilityVersion = "Xcode 13.0";
			developmentRegion = en;
			hasScannedForEncodings = 0;
			knownRegions = (
				en,
				Base,
			);
			mainGroup = B700C17428B920F10069FDF5;
			packageReferences = (
				B700C19128B92A400069FDF5 /* XCRemoteSwiftPackageReference "Inject" */,
				B7AAB6FD28BAC81D009AABEA /* XCRemoteSwiftPackageReference "SwiftUI-Introspect" */,
			);
			productRefGroup = B700C17E28B920F10069FDF5 /* Products */;
			projectDirPath = "";
			projectRoot = "";
			targets = (
				B700C17C28B920F10069FDF5 /* Cider */,
			);
		};
/* End PBXProject section */

/* Begin PBXResourcesBuildPhase section */
		B700C17B28B920F10069FDF5 /* Resources */ = {
			isa = PBXResourcesBuildPhase;
			buildActionMask = 2147483647;
			files = (
				B700C18828B920F20069FDF5 /* Preview Assets.xcassets in Resources */,
				B700C18528B920F20069FDF5 /* Assets.xcassets in Resources */,
			);
			runOnlyForDeploymentPostprocessing = 0;
		};
/* End PBXResourcesBuildPhase section */

/* Begin PBXSourcesBuildPhase section */
		B700C17928B920F10069FDF5 /* Sources */ = {
			isa = PBXSourcesBuildPhase;
			buildActionMask = 2147483647;
			files = (
				B700C19828B92AF30069FDF5 /* NSScreen.swift in Sources */,
				B700C1B628B97CAC0069FDF5 /* SegmentedControl.swift in Sources */,
				B700C1B028B969F70069FDF5 /* VisualEffectBackground.swift in Sources */,
				B700C19528B92A4C0069FDF5 /* main.swift in Sources */,
				B700C18328B920F10069FDF5 /* ContentView.swift in Sources */,
				B7AAB6FA28BABE83009AABEA /* SearchModal.swift in Sources */,
				B700C1A628B955090069FDF5 /* AppMenu.swift in Sources */,
				B700C1AB28B955C20069FDF5 /* AppTitleBar.swift in Sources */,
				B700C1B428B96DBD0069FDF5 /* TitleBarActionButton.swift in Sources */,
				B7AAB6FC28BABF64009AABEA /* SearchBar.swift in Sources */,
				B700C19A28B92E020069FDF5 /* AppWindow.swift in Sources */,
			);
			runOnlyForDeploymentPostprocessing = 0;
		};
/* End PBXSourcesBuildPhase section */

/* Begin XCBuildConfiguration section */
		B700C18A28B920F20069FDF5 /* Debug */ = {
			isa = XCBuildConfiguration;
			buildSettings = {
				ALWAYS_SEARCH_USER_PATHS = NO;
				CLANG_ANALYZER_NONNULL = YES;
				CLANG_ANALYZER_NUMBER_OBJECT_CONVERSION = YES_AGGRESSIVE;
				CLANG_CXX_LANGUAGE_STANDARD = "gnu++17";
				CLANG_ENABLE_MODULES = YES;
				CLANG_ENABLE_OBJC_ARC = YES;
				CLANG_ENABLE_OBJC_WEAK = YES;
				CLANG_WARN_BLOCK_CAPTURE_AUTORELEASING = YES;
				CLANG_WARN_BOOL_CONVERSION = YES;
				CLANG_WARN_COMMA = YES;
				CLANG_WARN_CONSTANT_CONVERSION = YES;
				CLANG_WARN_DEPRECATED_OBJC_IMPLEMENTATIONS = YES;
				CLANG_WARN_DIRECT_OBJC_ISA_USAGE = YES_ERROR;
				CLANG_WARN_DOCUMENTATION_COMMENTS = YES;
				CLANG_WARN_EMPTY_BODY = YES;
				CLANG_WARN_ENUM_CONVERSION = YES;
				CLANG_WARN_INFINITE_RECURSION = YES;
				CLANG_WARN_INT_CONVERSION = YES;
				CLANG_WARN_NON_LITERAL_NULL_CONVERSION = YES;
				CLANG_WARN_OBJC_IMPLICIT_RETAIN_SELF = YES;
				CLANG_WARN_OBJC_LITERAL_CONVERSION = YES;
				CLANG_WARN_OBJC_ROOT_CLASS = YES_ERROR;
				CLANG_WARN_QUOTED_INCLUDE_IN_FRAMEWORK_HEADER = YES;
				CLANG_WARN_RANGE_LOOP_ANALYSIS = YES;
				CLANG_WARN_STRICT_PROTOTYPES = YES;
				CLANG_WARN_SUSPICIOUS_MOVE = YES;
				CLANG_WARN_UNGUARDED_AVAILABILITY = YES_AGGRESSIVE;
				CLANG_WARN_UNREACHABLE_CODE = YES;
				CLANG_WARN__DUPLICATE_METHOD_MATCH = YES;
				COPY_PHASE_STRIP = NO;
				DEBUG_INFORMATION_FORMAT = dwarf;
				ENABLE_STRICT_OBJC_MSGSEND = YES;
				ENABLE_TESTABILITY = YES;
				GCC_C_LANGUAGE_STANDARD = gnu11;
				GCC_DYNAMIC_NO_PIC = NO;
				GCC_NO_COMMON_BLOCKS = YES;
				GCC_OPTIMIZATION_LEVEL = 0;
				GCC_PREPROCESSOR_DEFINITIONS = (
					"DEBUG=1",
					"$(inherited)",
				);
				GCC_WARN_64_TO_32_BIT_CONVERSION = YES;
				GCC_WARN_ABOUT_RETURN_TYPE = YES_ERROR;
				GCC_WARN_UNDECLARED_SELECTOR = YES;
				GCC_WARN_UNINITIALIZED_AUTOS = YES_AGGRESSIVE;
				GCC_WARN_UNUSED_FUNCTION = YES;
				GCC_WARN_UNUSED_VARIABLE = YES;
				MACOSX_DEPLOYMENT_TARGET = 12.3;
				MTL_ENABLE_DEBUG_INFO = INCLUDE_SOURCE;
				MTL_FAST_MATH = YES;
				ONLY_ACTIVE_ARCH = YES;
				SDKROOT = macosx;
				SWIFT_ACTIVE_COMPILATION_CONDITIONS = DEBUG;
				SWIFT_OPTIMIZATION_LEVEL = "-Onone";
			};
			name = Debug;
		};
		B700C18B28B920F20069FDF5 /* Release */ = {
			isa = XCBuildConfiguration;
			buildSettings = {
				ALWAYS_SEARCH_USER_PATHS = NO;
				CLANG_ANALYZER_NONNULL = YES;
				CLANG_ANALYZER_NUMBER_OBJECT_CONVERSION = YES_AGGRESSIVE;
				CLANG_CXX_LANGUAGE_STANDARD = "gnu++17";
				CLANG_ENABLE_MODULES = YES;
				CLANG_ENABLE_OBJC_ARC = YES;
				CLANG_ENABLE_OBJC_WEAK = YES;
				CLANG_WARN_BLOCK_CAPTURE_AUTORELEASING = YES;
				CLANG_WARN_BOOL_CONVERSION = YES;
				CLANG_WARN_COMMA = YES;
				CLANG_WARN_CONSTANT_CONVERSION = YES;
				CLANG_WARN_DEPRECATED_OBJC_IMPLEMENTATIONS = YES;
				CLANG_WARN_DIRECT_OBJC_ISA_USAGE = YES_ERROR;
				CLANG_WARN_DOCUMENTATION_COMMENTS = YES;
				CLANG_WARN_EMPTY_BODY = YES;
				CLANG_WARN_ENUM_CONVERSION = YES;
				CLANG_WARN_INFINITE_RECURSION = YES;
				CLANG_WARN_INT_CONVERSION = YES;
				CLANG_WARN_NON_LITERAL_NULL_CONVERSION = YES;
				CLANG_WARN_OBJC_IMPLICIT_RETAIN_SELF = YES;
				CLANG_WARN_OBJC_LITERAL_CONVERSION = YES;
				CLANG_WARN_OBJC_ROOT_CLASS = YES_ERROR;
				CLANG_WARN_QUOTED_INCLUDE_IN_FRAMEWORK_HEADER = YES;
				CLANG_WARN_RANGE_LOOP_ANALYSIS = YES;
				CLANG_WARN_STRICT_PROTOTYPES = YES;
				CLANG_WARN_SUSPICIOUS_MOVE = YES;
				CLANG_WARN_UNGUARDED_AVAILABILITY = YES_AGGRESSIVE;
				CLANG_WARN_UNREACHABLE_CODE = YES;
				CLANG_WARN__DUPLICATE_METHOD_MATCH = YES;
				COPY_PHASE_STRIP = NO;
				DEBUG_INFORMATION_FORMAT = "dwarf-with-dsym";
				ENABLE_NS_ASSERTIONS = NO;
				ENABLE_STRICT_OBJC_MSGSEND = YES;
				GCC_C_LANGUAGE_STANDARD = gnu11;
				GCC_NO_COMMON_BLOCKS = YES;
				GCC_WARN_64_TO_32_BIT_CONVERSION = YES;
				GCC_WARN_ABOUT_RETURN_TYPE = YES_ERROR;
				GCC_WARN_UNDECLARED_SELECTOR = YES;
				GCC_WARN_UNINITIALIZED_AUTOS = YES_AGGRESSIVE;
				GCC_WARN_UNUSED_FUNCTION = YES;
				GCC_WARN_UNUSED_VARIABLE = YES;
				MACOSX_DEPLOYMENT_TARGET = 12.3;
				MTL_ENABLE_DEBUG_INFO = NO;
				MTL_FAST_MATH = YES;
				SDKROOT = macosx;
				SWIFT_COMPILATION_MODE = wholemodule;
				SWIFT_OPTIMIZATION_LEVEL = "-O";
			};
			name = Release;
		};
		B700C18D28B920F20069FDF5 /* Debug */ = {
			isa = XCBuildConfiguration;
			buildSettings = {
				ASSETCATALOG_COMPILER_APPICON_NAME = AppIcon;
				ASSETCATALOG_COMPILER_GLOBAL_ACCENT_COLOR_NAME = AccentColor;
				CODE_SIGN_ENTITLEMENTS = Cider/CiderDebug.entitlements;
				CODE_SIGN_IDENTITY = "Apple Development";
				CODE_SIGN_STYLE = Automatic;
				COMBINE_HIDPI_IMAGES = YES;
				CURRENT_PROJECT_VERSION = 1;
				DEVELOPMENT_ASSET_PATHS = "\"Cider/Preview Content\"";
				DEVELOPMENT_TEAM = 8R23J2835D;
				ENABLE_HARDENED_RUNTIME = NO;
				ENABLE_PREVIEWS = YES;
				GENERATE_INFOPLIST_FILE = YES;
				INFOPLIST_KEY_LSApplicationCategoryType = "public.app-category.music";
				INFOPLIST_KEY_NSHumanReadableCopyright = "";
				LD_RUNPATH_SEARCH_PATHS = (
					"$(inherited)",
					"@executable_path/../Frameworks",
				);
				MARKETING_VERSION = 0.0.1;
				OTHER_LDFLAGS = (
					"-Xlinker",
					"-interposable",
				);
				PRODUCT_BUNDLE_IDENTIFIER = com.ciderapp.Cider;
				PRODUCT_NAME = "$(TARGET_NAME)";
				SWIFT_EMIT_LOC_STRINGS = YES;
				SWIFT_VERSION = 5.0;
			};
			name = Debug;
		};
		B700C18E28B920F20069FDF5 /* Release */ = {
			isa = XCBuildConfiguration;
			buildSettings = {
				ASSETCATALOG_COMPILER_APPICON_NAME = AppIcon;
				ASSETCATALOG_COMPILER_GLOBAL_ACCENT_COLOR_NAME = AccentColor;
				CODE_SIGN_ENTITLEMENTS = Cider/Cider.entitlements;
				CODE_SIGN_STYLE = Automatic;
				COMBINE_HIDPI_IMAGES = YES;
				CURRENT_PROJECT_VERSION = 1;
				DEVELOPMENT_ASSET_PATHS = "\"Cider/Preview Content\"";
				DEVELOPMENT_TEAM = NLGX87YQQK;
				ENABLE_HARDENED_RUNTIME = YES;
				ENABLE_PREVIEWS = YES;
				GENERATE_INFOPLIST_FILE = YES;
				INFOPLIST_KEY_LSApplicationCategoryType = "public.app-category.music";
				INFOPLIST_KEY_NSHumanReadableCopyright = "";
				LD_RUNPATH_SEARCH_PATHS = (
					"$(inherited)",
					"@executable_path/../Frameworks",
				);
				MARKETING_VERSION = 0.0.1;
				OTHER_LDFLAGS = "";
				PRODUCT_BUNDLE_IDENTIFIER = com.ciderapp.Cider;
				PRODUCT_NAME = "$(TARGET_NAME)";
				SWIFT_EMIT_LOC_STRINGS = YES;
				SWIFT_VERSION = 5.0;
			};
			name = Release;
		};
/* End XCBuildConfiguration section */

/* Begin XCConfigurationList section */
		B700C17828B920F10069FDF5 /* Build configuration list for PBXProject "Cider" */ = {
			isa = XCConfigurationList;
			buildConfigurations = (
				B700C18A28B920F20069FDF5 /* Debug */,
				B700C18B28B920F20069FDF5 /* Release */,
			);
			defaultConfigurationIsVisible = 0;
			defaultConfigurationName = Release;
		};
		B700C18C28B920F20069FDF5 /* Build configuration list for PBXNativeTarget "Cider" */ = {
			isa = XCConfigurationList;
			buildConfigurations = (
				B700C18D28B920F20069FDF5 /* Debug */,
				B700C18E28B920F20069FDF5 /* Release */,
			);
			defaultConfigurationIsVisible = 0;
			defaultConfigurationName = Release;
		};
/* End XCConfigurationList section */

/* Begin XCRemoteSwiftPackageReference section */
		B700C19128B92A400069FDF5 /* XCRemoteSwiftPackageReference "Inject" */ = {
			isa = XCRemoteSwiftPackageReference;
			repositoryURL = "https://github.com/krzysztofzablocki/Inject";
			requirement = {
				kind = upToNextMajorVersion;
				minimumVersion = 1.0.0;
			};
		};
		B7AAB6FD28BAC81D009AABEA /* XCRemoteSwiftPackageReference "SwiftUI-Introspect" */ = {
			isa = XCRemoteSwiftPackageReference;
			repositoryURL = "https://github.com/siteline/SwiftUI-Introspect.git";
			requirement = {
				kind = upToNextMajorVersion;
				minimumVersion = 0.1.4;
			};
		};
/* End XCRemoteSwiftPackageReference section */

/* Begin XCSwiftPackageProductDependency section */
		B700C19228B92A400069FDF5 /* Inject */ = {
			isa = XCSwiftPackageProductDependency;
			package = B700C19128B92A400069FDF5 /* XCRemoteSwiftPackageReference "Inject" */;
			productName = Inject;
		};
		B7AAB6FE28BAC81D009AABEA /* Introspect */ = {
			isa = XCSwiftPackageProductDependency;
			package = B7AAB6FD28BAC81D009AABEA /* XCRemoteSwiftPackageReference "SwiftUI-Introspect" */;
			productName = Introspect;
		};
/* End XCSwiftPackageProductDependency section */
	};
	rootObject = B700C17528B920F10069FDF5 /* Project object */;
}
