// !$*UTF8*$!
{
	archiveVersion = 1;
	classes = {
	};
	objectVersion = 55;
	objects = {

/* Begin PBXBuildFile section */
		159598A95DA5DBF58FCF25CA /* Pods_Cider.framework in Frameworks */ = {isa = PBXBuildFile; fileRef = 92A1C251C13BA1D5CDA34D91 /* Pods_Cider.framework */; };
		B700C18328B920F10069FDF5 /* ContentView.swift in Sources */ = {isa = PBXBuildFile; fileRef = B700C18228B920F10069FDF5 /* ContentView.swift */; };
		B700C18528B920F20069FDF5 /* Assets.xcassets in Resources */ = {isa = PBXBuildFile; fileRef = B700C18428B920F20069FDF5 /* Assets.xcassets */; };
		B700C18828B920F20069FDF5 /* Preview Assets.xcassets in Resources */ = {isa = PBXBuildFile; fileRef = B700C18728B920F20069FDF5 /* Preview Assets.xcassets */; };
		B700C19528B92A4C0069FDF5 /* main.swift in Sources */ = {isa = PBXBuildFile; fileRef = B700C19428B92A4C0069FDF5 /* main.swift */; };
		B700C19828B92AF30069FDF5 /* NSScreen.swift in Sources */ = {isa = PBXBuildFile; fileRef = B700C19728B92AF30069FDF5 /* NSScreen.swift */; };
		B700C19A28B92E020069FDF5 /* AppWindow.swift in Sources */ = {isa = PBXBuildFile; fileRef = B700C19928B92E020069FDF5 /* AppWindow.swift */; };
		B700C1A628B955090069FDF5 /* AppMenu.swift in Sources */ = {isa = PBXBuildFile; fileRef = B700C1A528B955090069FDF5 /* AppMenu.swift */; };
		B700C1AB28B955C20069FDF5 /* AppTitleBar.swift in Sources */ = {isa = PBXBuildFile; fileRef = B700C1AA28B955C20069FDF5 /* AppTitleBar.swift */; };
		B700C1B028B969F70069FDF5 /* VisualEffectBackground.swift in Sources */ = {isa = PBXBuildFile; fileRef = B700C1AF28B969F70069FDF5 /* VisualEffectBackground.swift */; };
		B700C1B428B96DBD0069FDF5 /* ActionButton.swift in Sources */ = {isa = PBXBuildFile; fileRef = B700C1B328B96DBD0069FDF5 /* ActionButton.swift */; };
		B700C1B628B97CAC0069FDF5 /* SegmentedControl.swift in Sources */ = {isa = PBXBuildFile; fileRef = B700C1B528B97CAC0069FDF5 /* SegmentedControl.swift */; };
		B703BBCF28CC05FA00228324 /* Alert.swift in Sources */ = {isa = PBXBuildFile; fileRef = B703BBCE28CC05FA00228324 /* Alert.swift */; };
		B706050D28BE0B4F002AD76C /* AMAPI.swift in Sources */ = {isa = PBXBuildFile; fileRef = B706050C28BE0B4F002AD76C /* AMAPI.swift */; };
		B706051128BFA181002AD76C /* MediaShowcaseRow.swift in Sources */ = {isa = PBXBuildFile; fileRef = B706051028BFA181002AD76C /* MediaShowcaseRow.swift */; };
		B725013A28C2624300992F57 /* NSColor.swift in Sources */ = {isa = PBXBuildFile; fileRef = B725013928C2624300992F57 /* NSColor.swift */; };
		B725013E28C2637F00992F57 /* MediaPresentable.swift in Sources */ = {isa = PBXBuildFile; fileRef = B725013D28C2637F00992F57 /* MediaPresentable.swift */; };
		B7284175290DABA100B7A525 /* Bundle.swift in Sources */ = {isa = PBXBuildFile; fileRef = B7284174290DABA100B7A525 /* Bundle.swift */; };
		B740CE172991AD050096DF6E /* htmltext-style.css in Resources */ = {isa = PBXBuildFile; fileRef = B740CE162991AD050096DF6E /* htmltext-style.css */; };
		B74EEBD229D7AEAB00711DB6 /* LyricsPaneView.swift in Sources */ = {isa = PBXBuildFile; fileRef = B74EEBD129D7AEAB00711DB6 /* LyricsPaneView.swift */; };
		B74EEBD429D86EEF00711DB6 /* SidePane.swift in Sources */ = {isa = PBXBuildFile; fileRef = B74EEBD329D86EEF00711DB6 /* SidePane.swift */; };
		B74EEBDA29D8893100711DB6 /* libnative_utils.a in Frameworks */ = {isa = PBXBuildFile; fileRef = B74EEBD929D8892500711DB6 /* libnative_utils.a */; };
		B74EEBDE29D88B7200711DB6 /* NativeUtils.swift in Sources */ = {isa = PBXBuildFile; fileRef = B74EEBDD29D88B7200711DB6 /* NativeUtils.swift */; };
		B75219AA2918358C005CF8F0 /* MediaType.swift in Sources */ = {isa = PBXBuildFile; fileRef = B75219A92918358C005CF8F0 /* MediaType.swift */; };
		B75219AC291836B5005CF8F0 /* MediaItem.swift in Sources */ = {isa = PBXBuildFile; fileRef = B75219AB291836B5005CF8F0 /* MediaItem.swift */; };
		B75219AE29187526005CF8F0 /* MediaArtwork.swift in Sources */ = {isa = PBXBuildFile; fileRef = B75219AD29187525005CF8F0 /* MediaArtwork.swift */; };
		B75219B0291984AD005CF8F0 /* NavigationModal.swift in Sources */ = {isa = PBXBuildFile; fileRef = B75219AF291984AD005CF8F0 /* NavigationModal.swift */; };
		B75219C0291F0742005CF8F0 /* PersonalisedData.swift in Sources */ = {isa = PBXBuildFile; fileRef = B75219BF291F0742005CF8F0 /* PersonalisedData.swift */; };
		B753CF50293A9C8D00019B15 /* PatchedGeometryReader.swift in Sources */ = {isa = PBXBuildFile; fileRef = B753CF4F293A9C8D00019B15 /* PatchedGeometryReader.swift */; };
		B75C7C1329B12AE500F7693E /* CatalogActions.swift in Sources */ = {isa = PBXBuildFile; fileRef = B75C7C1229B12AE500F7693E /* CatalogActions.swift */; };
		B76887122948F9C600C623C9 /* Support.swift in Sources */ = {isa = PBXBuildFile; fileRef = B76887112948F9C600C623C9 /* Support.swift */; };
		B76887142949172300C623C9 /* PreferencesPanes.swift in Sources */ = {isa = PBXBuildFile; fileRef = B76887132949172300C623C9 /* PreferencesPanes.swift */; };
		B768871729491B1800C623C9 /* GeneralPreferencesPane.swift in Sources */ = {isa = PBXBuildFile; fileRef = B768871629491B1800C623C9 /* GeneralPreferencesPane.swift */; };
		B768871929491B3B00C623C9 /* DeveloperPreferencesPane.swift in Sources */ = {isa = PBXBuildFile; fileRef = B768871829491B3B00C623C9 /* DeveloperPreferencesPane.swift */; };
		B768871B2949225200C623C9 /* BasicHoverModifier.swift in Sources */ = {isa = PBXBuildFile; fileRef = B768871A2949225200C623C9 /* BasicHoverModifier.swift */; };
		B7688723294A06F600C623C9 /* Diagnostic.swift in Sources */ = {isa = PBXBuildFile; fileRef = B7688722294A06F500C623C9 /* Diagnostic.swift */; };
		B7688725294A076300C623C9 /* Process.swift in Sources */ = {isa = PBXBuildFile; fileRef = B7688724294A076300C623C9 /* Process.swift */; };
		B7688728294A314400C623C9 /* WSDebugger.swift in Sources */ = {isa = PBXBuildFile; fileRef = B7688727294A314400C623C9 /* WSDebugger.swift */; };
		B768872A294A321200C623C9 /* WSDebuggerView.swift in Sources */ = {isa = PBXBuildFile; fileRef = B7688729294A321200C623C9 /* WSDebuggerView.swift */; };
		B768872C294A359400C623C9 /* WSModal.swift in Sources */ = {isa = PBXBuildFile; fileRef = B768872B294A359400C623C9 /* WSModal.swift */; };
		B76AE922299C03D400A19558 /* MediaPlaylist.swift in Sources */ = {isa = PBXBuildFile; fileRef = B76AE921299C03D400A19558 /* MediaPlaylist.swift */; };
		B76AE924299C044800A19558 /* MediaDescription.swift in Sources */ = {isa = PBXBuildFile; fileRef = B76AE923299C044800A19558 /* MediaDescription.swift */; };
		B76AE928299C162600A19558 /* MissingArtwork.png in Resources */ = {isa = PBXBuildFile; fileRef = B76AE927299C162600A19558 /* MissingArtwork.png */; };
		B76AE92A299E993500A19558 /* Comparable.swift in Sources */ = {isa = PBXBuildFile; fileRef = B76AE929299E993500A19558 /* Comparable.swift */; };
		B7774FD0294A5FAC0014505F /* AudioPreferencesPane.swift in Sources */ = {isa = PBXBuildFile; fileRef = B7774FCF294A5FAC0014505F /* AudioPreferencesPane.swift */; };
		B77AACE6293ACC8500F8E1E2 /* SimpleHoverModifier.swift in Sources */ = {isa = PBXBuildFile; fileRef = B77AACE5293ACC8500F8E1E2 /* SimpleHoverModifier.swift */; };
		B77AACE8293ACDE900F8E1E2 /* TooltipView.swift in Sources */ = {isa = PBXBuildFile; fileRef = B77AACE7293ACDE900F8E1E2 /* TooltipView.swift */; };
		B77AACEA293AD0F300F8E1E2 /* MultiColourGlow.swift in Sources */ = {isa = PBXBuildFile; fileRef = B77AACE9293AD0F300F8E1E2 /* MultiColourGlow.swift */; };
		B77AACEC293AD90100F8E1E2 /* DisableScrollingModifier.swift in Sources */ = {isa = PBXBuildFile; fileRef = B77AACEB293AD90100F8E1E2 /* DisableScrollingModifier.swift */; };
		B77AACEE293B702100F8E1E2 /* MediaTrack.swift in Sources */ = {isa = PBXBuildFile; fileRef = B77AACED293B702100F8E1E2 /* MediaTrack.swift */; };
		B77AACF2293B871700F8E1E2 /* MediaTrackRepresentable.swift in Sources */ = {isa = PBXBuildFile; fileRef = B77AACF1293B871700F8E1E2 /* MediaTrackRepresentable.swift */; };
		B77AACF4293B8B0D00F8E1E2 /* TransparentScrollbarsModifier.swift in Sources */ = {isa = PBXBuildFile; fileRef = B77AACF3293B8B0D00F8E1E2 /* TransparentScrollbarsModifier.swift */; };
		B77AACF6293B93C200F8E1E2 /* TimeInterval.swift in Sources */ = {isa = PBXBuildFile; fileRef = B77AACF5293B93C200F8E1E2 /* TimeInterval.swift */; };
		B77AACF8293BA95F00F8E1E2 /* MediaActionButton.swift in Sources */ = {isa = PBXBuildFile; fileRef = B77AACF7293BA95F00F8E1E2 /* MediaActionButton.swift */; };
		B77C91AC294DE7E100124B47 /* GoogleService-Info.plist in Resources */ = {isa = PBXBuildFile; fileRef = B77C91AB294DE7E100124B47 /* GoogleService-Info.plist */; };
		B77C91AE294FCCE100124B47 /* CaseIterable.swift in Sources */ = {isa = PBXBuildFile; fileRef = B77C91AD294FCCE100124B47 /* CaseIterable.swift */; };
		B78B720C29F09A15006EDC69 /* native-utils.swift in Sources */ = {isa = PBXBuildFile; fileRef = B78B720B29F09A15006EDC69 /* native-utils.swift */; };
		B78B720F29F09A32006EDC69 /* discord-rpc-agent.swift in Sources */ = {isa = PBXBuildFile; fileRef = B78B720E29F09A32006EDC69 /* discord-rpc-agent.swift */; };
		B78B721129F09A64006EDC69 /* SwiftBridgeCore.swift in Sources */ = {isa = PBXBuildFile; fileRef = B78B721029F09A64006EDC69 /* SwiftBridgeCore.swift */; };
		B790345E29F091D5001B11AE /* Settings.swift in Sources */ = {isa = PBXBuildFile; fileRef = B790345D29F091D5001B11AE /* Settings.swift */; };
		B797AFF6297F3AB900D77282 /* InteractiveText.swift in Sources */ = {isa = PBXBuildFile; fileRef = B797AFF5297F3AB900D77282 /* InteractiveText.swift */; };
		B797AFF8297F3B6A00D77282 /* ArtistView.swift in Sources */ = {isa = PBXBuildFile; fileRef = B797AFF7297F3B6A00D77282 /* ArtistView.swift */; };
		B797AFFA297F3E2000D77282 /* MediaArtist.swift in Sources */ = {isa = PBXBuildFile; fileRef = B797AFF9297F3E2000D77282 /* MediaArtist.swift */; };
		B797AFFC297F3E7B00D77282 /* MediaAny.swift in Sources */ = {isa = PBXBuildFile; fileRef = B797AFFB297F3E7B00D77282 /* MediaAny.swift */; };
		B798562929285218003CA787 /* WKWebView.swift in Sources */ = {isa = PBXBuildFile; fileRef = B798562829285218003CA787 /* WKWebView.swift */; };
		B798562B292ADE13003CA787 /* String.swift in Sources */ = {isa = PBXBuildFile; fileRef = B798562A292ADE13003CA787 /* String.swift */; };
		B798983429D0B6DB00A734DC /* List.swift in Sources */ = {isa = PBXBuildFile; fileRef = B798983329D0B6DB00A734DC /* List.swift */; };
		B798983829D0E96900A734DC /* DraggableView.swift in Sources */ = {isa = PBXBuildFile; fileRef = B798983729D0E96900A734DC /* DraggableView.swift */; };
		B798983A29D22A9400A734DC /* Array.swift in Sources */ = {isa = PBXBuildFile; fileRef = B798983929D22A9400A734DC /* Array.swift */; };
		B7A53E9829A0EE6A005E90F2 /* libdiscord_rpc_agent.a in Frameworks */ = {isa = PBXBuildFile; fileRef = B7A53E9529A0EE46005E90F2 /* libdiscord_rpc_agent.a */; };
		B7A6EB6829C539800041FDD7 /* QueueView.swift in Sources */ = {isa = PBXBuildFile; fileRef = B7A6EB6729C539800041FDD7 /* QueueView.swift */; };
		B7AAB6FA28BABE83009AABEA /* SearchModal.swift in Sources */ = {isa = PBXBuildFile; fileRef = B7AAB6F928BABE83009AABEA /* SearchModal.swift */; };
		B7AAB6FC28BABF64009AABEA /* SearchBar.swift in Sources */ = {isa = PBXBuildFile; fileRef = B7AAB6FB28BABF64009AABEA /* SearchBar.swift */; };
		B7AAB70128BAD782009AABEA /* AppWindowModal.swift in Sources */ = {isa = PBXBuildFile; fileRef = B7AAB70028BAD782009AABEA /* AppWindowModal.swift */; };
		B7AAB70328BADCB2009AABEA /* PlaybackView.swift in Sources */ = {isa = PBXBuildFile; fileRef = B7AAB70228BADCB2009AABEA /* PlaybackView.swift */; };
		B7AAB70528BAE3DC009AABEA /* PlaybackCardView.swift in Sources */ = {isa = PBXBuildFile; fileRef = B7AAB70428BAE3DC009AABEA /* PlaybackCardView.swift */; };
		B7AAB70728BCF89E009AABEA /* View.swift in Sources */ = {isa = PBXBuildFile; fileRef = B7AAB70628BCF89E009AABEA /* View.swift */; };
		B7AAB70928BD1174009AABEA /* PlaybackBar.swift in Sources */ = {isa = PBXBuildFile; fileRef = B7AAB70828BD1174009AABEA /* PlaybackBar.swift */; };
		B7AAB70B28BD24B4009AABEA /* MKModal.swift in Sources */ = {isa = PBXBuildFile; fileRef = B7AAB70A28BD24B4009AABEA /* MKModal.swift */; };
		B7AAB70D28BD2640009AABEA /* HomeView.swift in Sources */ = {isa = PBXBuildFile; fileRef = B7AAB70C28BD2640009AABEA /* HomeView.swift */; };
		B7B02F57295629030065FCDD /* Double.swift in Sources */ = {isa = PBXBuildFile; fileRef = B7B02F56295629030065FCDD /* Double.swift */; };
		B7B3D8C029B005100014F63D /* ContextMenu.swift in Sources */ = {isa = PBXBuildFile; fileRef = B7B3D8BF29B005100014F63D /* ContextMenu.swift */; };
		B7C06F842932E1C5000C1192 /* NavigationContainer.swift in Sources */ = {isa = PBXBuildFile; fileRef = B7C06F832932E1C5000C1192 /* NavigationContainer.swift */; };
		B7C5C5DA29CE6F4C00EF4D11 /* QueueTrackView.swift in Sources */ = {isa = PBXBuildFile; fileRef = B7C5C5D929CE6F4C00EF4D11 /* QueueTrackView.swift */; };
		B7C5C5DC29CE765C00EF4D11 /* ArtistNamesInteractiveText.swift in Sources */ = {isa = PBXBuildFile; fileRef = B7C5C5DB29CE765C00EF4D11 /* ArtistNamesInteractiveText.swift */; };
		B7C5C5E029CF827F00EF4D11 /* Defaults.swift in Sources */ = {isa = PBXBuildFile; fileRef = B7C5C5DF29CF827F00EF4D11 /* Defaults.swift */; };
		B7C651D428C415F000D32DDC /* AppleAuth.swift in Sources */ = {isa = PBXBuildFile; fileRef = B7C651D328C415F000D32DDC /* AppleAuth.swift */; };
		B7C651D628C4B8E200D32DDC /* AuthWorker.swift in Sources */ = {isa = PBXBuildFile; fileRef = B7C651D528C4B8E200D32DDC /* AuthWorker.swift */; };
		B7C9CD8A2908467A00A67CE4 /* main.swift in Sources */ = {isa = PBXBuildFile; fileRef = B7C9CD892908467A00A67CE4 /* main.swift */; };
		B7C9CD932908797C00A67CE4 /* Dictionary.swift in Sources */ = {isa = PBXBuildFile; fileRef = B7C9CD922908797C00A67CE4 /* Dictionary.swift */; };
		B7C9CD95290879F500A67CE4 /* Validation.swift in Sources */ = {isa = PBXBuildFile; fileRef = B7C9CD94290879F500A67CE4 /* Validation.swift */; };
		B7C9CD9729087DCA00A67CE4 /* MusicKitWorker.swift in Sources */ = {isa = PBXBuildFile; fileRef = B7C9CD9629087DCA00A67CE4 /* MusicKitWorker.swift */; };
		B7C9CDA229088F5C00A67CE4 /* CiderPlaybackAgent in Copy JS Scripts */ = {isa = PBXBuildFile; fileRef = B7C9CD872908467A00A67CE4 /* CiderPlaybackAgent */; settings = {ATTRIBUTES = (CodeSignOnCopy, ); }; };
		B7C9CDA429088FD400A67CE4 /* CiderPlayback.swift in Sources */ = {isa = PBXBuildFile; fileRef = B7C9CDA329088FD400A67CE4 /* CiderPlayback.swift */; };
		B7C9CDA52908928600A67CE4 /* index.js in Copy JS Scripts */ = {isa = PBXBuildFile; fileRef = B755C72E28C7F00800A46FB9 /* index.js */; };
		B7C9CDA6290892A900A67CE4 /* index-cpa.js in Copy JS Scripts */ = {isa = PBXBuildFile; fileRef = B7C9CD9E2908861500A67CE4 /* index-cpa.js */; };
		B7CF3767299A942000922CDA /* SearchView.swift in Sources */ = {isa = PBXBuildFile; fileRef = B7CF3766299A942000922CDA /* SearchView.swift */; };
		B7CF3769299AC10B00922CDA /* SearchResults.swift in Sources */ = {isa = PBXBuildFile; fileRef = B7CF3768299AC10B00922CDA /* SearchResults.swift */; };
		B7D1671D28D3C0C300D5B5E8 /* NSApp.swift in Sources */ = {isa = PBXBuildFile; fileRef = B7D1671C28D3C0C300D5B5E8 /* NSApp.swift */; };
		B7D46445293574A0000B1E9A /* DetailedView.swift in Sources */ = {isa = PBXBuildFile; fileRef = B7D46444293574A0000B1E9A /* DetailedView.swift */; };
		B7D5B9E2292C2F9900046B7F /* Logging.swift in Sources */ = {isa = PBXBuildFile; fileRef = B7D5B9E1292C2F9900046B7F /* Logging.swift */; };
		B7E1CE072996EC6800D25D0F /* SearchSuggestions.swift in Sources */ = {isa = PBXBuildFile; fileRef = B7E1CE062996EC6800D25D0F /* SearchSuggestions.swift */; };
		B7E72361299455430086EDA4 /* MediaArtistPresentable.swift in Sources */ = {isa = PBXBuildFile; fileRef = B7E72360299455430086EDA4 /* MediaArtistPresentable.swift */; };
		B7EA101A299FFA6A000998A5 /* DiscordRPCModal.swift in Sources */ = {isa = PBXBuildFile; fileRef = B7EA1019299FFA6A000998A5 /* DiscordRPCModal.swift */; };
		B7ECB7A828FAD07D00B5DF11 /* Networking.swift in Sources */ = {isa = PBXBuildFile; fileRef = B7ECB7A728FAD07D00B5DF11 /* Networking.swift */; };
		B7ECB7AD28FDC56600B5DF11 /* AMError.swift in Sources */ = {isa = PBXBuildFile; fileRef = B7ECB7AC28FDC56600B5DF11 /* AMError.swift */; };
		B7ECB7C6290497B000B5DF11 /* ObservableHoveringObject.swift in Sources */ = {isa = PBXBuildFile; fileRef = B7ECB7C5290497B000B5DF11 /* ObservableHoveringObject.swift */; };
		B7F623F72915DBA500316F8E /* MediaRecommendation.swift in Sources */ = {isa = PBXBuildFile; fileRef = B7F623F62915DBA500316F8E /* MediaRecommendation.swift */; };
		D7D89040BD15AA200D979B5F /* libPods-CiderPlaybackAgent.a in Frameworks */ = {isa = PBXBuildFile; fileRef = 5E31CFC35B3290EFC0858648 /* libPods-CiderPlaybackAgent.a */; };
/* End PBXBuildFile section */

/* Begin PBXCopyFilesBuildPhase section */
		B7C9CDA129088F4F00A67CE4 /* Copy JS Scripts */ = {
			isa = PBXCopyFilesBuildPhase;
			buildActionMask = 2147483647;
			dstPath = "";
			dstSubfolderSpec = 12;
			files = (
				B7C9CDA6290892A900A67CE4 /* index-cpa.js in Copy JS Scripts */,
				B7C9CDA52908928600A67CE4 /* index.js in Copy JS Scripts */,
				B7C9CDA229088F5C00A67CE4 /* CiderPlaybackAgent in Copy JS Scripts */,
			);
			name = "Copy JS Scripts";
			runOnlyForDeploymentPostprocessing = 0;
		};
/* End PBXCopyFilesBuildPhase section */

/* Begin PBXFileReference section */
		1D0D0AA5A8525D1CEC676F1E /* Pods-CiderPlaybackAgent.release.xcconfig */ = {isa = PBXFileReference; includeInIndex = 1; lastKnownFileType = text.xcconfig; name = "Pods-CiderPlaybackAgent.release.xcconfig"; path = "Target Support Files/Pods-CiderPlaybackAgent/Pods-CiderPlaybackAgent.release.xcconfig"; sourceTree = "<group>"; };
		59020774FDBF60D74A9162C0 /* Pods-Cider.debug.xcconfig */ = {isa = PBXFileReference; includeInIndex = 1; lastKnownFileType = text.xcconfig; name = "Pods-Cider.debug.xcconfig"; path = "Target Support Files/Pods-Cider/Pods-Cider.debug.xcconfig"; sourceTree = "<group>"; };
		5E31CFC35B3290EFC0858648 /* libPods-CiderPlaybackAgent.a */ = {isa = PBXFileReference; explicitFileType = archive.ar; includeInIndex = 0; path = "libPods-CiderPlaybackAgent.a"; sourceTree = BUILT_PRODUCTS_DIR; };
		60DA3C02D43851B5596ABCDB /* Pods-Cider.release.xcconfig */ = {isa = PBXFileReference; includeInIndex = 1; lastKnownFileType = text.xcconfig; name = "Pods-Cider.release.xcconfig"; path = "Target Support Files/Pods-Cider/Pods-Cider.release.xcconfig"; sourceTree = "<group>"; };
		92A1C251C13BA1D5CDA34D91 /* Pods_Cider.framework */ = {isa = PBXFileReference; explicitFileType = wrapper.framework; includeInIndex = 0; path = Pods_Cider.framework; sourceTree = BUILT_PRODUCTS_DIR; };
		A7955FCB2FC3A98722AC9E6D /* Pods-CiderPlaybackAgent.debug.xcconfig */ = {isa = PBXFileReference; includeInIndex = 1; lastKnownFileType = text.xcconfig; name = "Pods-CiderPlaybackAgent.debug.xcconfig"; path = "Target Support Files/Pods-CiderPlaybackAgent/Pods-CiderPlaybackAgent.debug.xcconfig"; sourceTree = "<group>"; };
		B700C17D28B920F10069FDF5 /* Cider (Dev).app */ = {isa = PBXFileReference; explicitFileType = wrapper.application; includeInIndex = 0; path = "Cider (Dev).app"; sourceTree = BUILT_PRODUCTS_DIR; };
		B700C18228B920F10069FDF5 /* ContentView.swift */ = {isa = PBXFileReference; lastKnownFileType = sourcecode.swift; path = ContentView.swift; sourceTree = "<group>"; };
		B700C18428B920F20069FDF5 /* Assets.xcassets */ = {isa = PBXFileReference; lastKnownFileType = folder.assetcatalog; path = Assets.xcassets; sourceTree = "<group>"; };
		B700C18728B920F20069FDF5 /* Preview Assets.xcassets */ = {isa = PBXFileReference; lastKnownFileType = folder.assetcatalog; path = "Preview Assets.xcassets"; sourceTree = "<group>"; };
		B700C18928B920F20069FDF5 /* Cider.entitlements */ = {isa = PBXFileReference; lastKnownFileType = text.plist.entitlements; path = Cider.entitlements; sourceTree = "<group>"; };
		B700C19428B92A4C0069FDF5 /* main.swift */ = {isa = PBXFileReference; lastKnownFileType = sourcecode.swift; path = main.swift; sourceTree = "<group>"; };
		B700C19728B92AF30069FDF5 /* NSScreen.swift */ = {isa = PBXFileReference; lastKnownFileType = sourcecode.swift; path = NSScreen.swift; sourceTree = "<group>"; };
		B700C19928B92E020069FDF5 /* AppWindow.swift */ = {isa = PBXFileReference; lastKnownFileType = sourcecode.swift; path = AppWindow.swift; sourceTree = "<group>"; };
		B700C1A528B955090069FDF5 /* AppMenu.swift */ = {isa = PBXFileReference; fileEncoding = 4; lastKnownFileType = sourcecode.swift; path = AppMenu.swift; sourceTree = "<group>"; };
		B700C1AA28B955C20069FDF5 /* AppTitleBar.swift */ = {isa = PBXFileReference; lastKnownFileType = sourcecode.swift; path = AppTitleBar.swift; sourceTree = "<group>"; };
		B700C1AC28B956550069FDF5 /* CiderDebug.entitlements */ = {isa = PBXFileReference; lastKnownFileType = text.plist.entitlements; path = CiderDebug.entitlements; sourceTree = "<group>"; };
		B700C1AF28B969F70069FDF5 /* VisualEffectBackground.swift */ = {isa = PBXFileReference; lastKnownFileType = sourcecode.swift; path = VisualEffectBackground.swift; sourceTree = "<group>"; };
		B700C1B328B96DBD0069FDF5 /* ActionButton.swift */ = {isa = PBXFileReference; lastKnownFileType = sourcecode.swift; path = ActionButton.swift; sourceTree = "<group>"; };
		B700C1B528B97CAC0069FDF5 /* SegmentedControl.swift */ = {isa = PBXFileReference; lastKnownFileType = sourcecode.swift; path = SegmentedControl.swift; sourceTree = "<group>"; };
		B703BBCE28CC05FA00228324 /* Alert.swift */ = {isa = PBXFileReference; lastKnownFileType = sourcecode.swift; path = Alert.swift; sourceTree = "<group>"; };
		B706050B28BD8CB2002AD76C /* Info.plist */ = {isa = PBXFileReference; lastKnownFileType = text.plist; path = Info.plist; sourceTree = "<group>"; };
		B706050C28BE0B4F002AD76C /* AMAPI.swift */ = {isa = PBXFileReference; lastKnownFileType = sourcecode.swift; path = AMAPI.swift; sourceTree = "<group>"; };
		B706051028BFA181002AD76C /* MediaShowcaseRow.swift */ = {isa = PBXFileReference; lastKnownFileType = sourcecode.swift; path = MediaShowcaseRow.swift; sourceTree = "<group>"; };
		B725013928C2624300992F57 /* NSColor.swift */ = {isa = PBXFileReference; lastKnownFileType = sourcecode.swift; path = NSColor.swift; sourceTree = "<group>"; };
		B725013D28C2637F00992F57 /* MediaPresentable.swift */ = {isa = PBXFileReference; lastKnownFileType = sourcecode.swift; path = MediaPresentable.swift; sourceTree = "<group>"; };
		B7284174290DABA100B7A525 /* Bundle.swift */ = {isa = PBXFileReference; lastKnownFileType = sourcecode.swift; path = Bundle.swift; sourceTree = "<group>"; };
		B740CE162991AD050096DF6E /* htmltext-style.css */ = {isa = PBXFileReference; fileEncoding = 4; lastKnownFileType = text.css; path = "htmltext-style.css"; sourceTree = "<group>"; };
		B74EEBD129D7AEAB00711DB6 /* LyricsPaneView.swift */ = {isa = PBXFileReference; lastKnownFileType = sourcecode.swift; path = LyricsPaneView.swift; sourceTree = "<group>"; };
		B74EEBD329D86EEF00711DB6 /* SidePane.swift */ = {isa = PBXFileReference; lastKnownFileType = sourcecode.swift; path = SidePane.swift; sourceTree = "<group>"; };
		B74EEBD929D8892500711DB6 /* libnative_utils.a */ = {isa = PBXFileReference; lastKnownFileType = archive.ar; name = libnative_utils.a; path = NativeUtils/target/universal/libnative_utils.a; sourceTree = "<group>"; };
		B74EEBDD29D88B7200711DB6 /* NativeUtils.swift */ = {isa = PBXFileReference; lastKnownFileType = sourcecode.swift; path = NativeUtils.swift; sourceTree = "<group>"; };
		B75219A92918358C005CF8F0 /* MediaType.swift */ = {isa = PBXFileReference; lastKnownFileType = sourcecode.swift; path = MediaType.swift; sourceTree = "<group>"; };
		B75219AB291836B5005CF8F0 /* MediaItem.swift */ = {isa = PBXFileReference; lastKnownFileType = sourcecode.swift; path = MediaItem.swift; sourceTree = "<group>"; };
		B75219AD29187525005CF8F0 /* MediaArtwork.swift */ = {isa = PBXFileReference; lastKnownFileType = sourcecode.swift; path = MediaArtwork.swift; sourceTree = "<group>"; };
		B75219AF291984AD005CF8F0 /* NavigationModal.swift */ = {isa = PBXFileReference; lastKnownFileType = sourcecode.swift; path = NavigationModal.swift; sourceTree = "<group>"; };
		B75219BF291F0742005CF8F0 /* PersonalisedData.swift */ = {isa = PBXFileReference; lastKnownFileType = sourcecode.swift; path = PersonalisedData.swift; sourceTree = "<group>"; };
		B753CF4F293A9C8D00019B15 /* PatchedGeometryReader.swift */ = {isa = PBXFileReference; lastKnownFileType = sourcecode.swift; path = PatchedGeometryReader.swift; sourceTree = "<group>"; };
		B755C72E28C7F00800A46FB9 /* index.js */ = {isa = PBXFileReference; lastKnownFileType = sourcecode.javascript; name = index.js; path = CiderWebAuth/dist/index.js; sourceTree = "<group>"; };
		B75C7C1229B12AE500F7693E /* CatalogActions.swift */ = {isa = PBXFileReference; lastKnownFileType = sourcecode.swift; path = CatalogActions.swift; sourceTree = "<group>"; };
		B76887112948F9C600C623C9 /* Support.swift */ = {isa = PBXFileReference; lastKnownFileType = sourcecode.swift; path = Support.swift; sourceTree = "<group>"; };
		B76887132949172300C623C9 /* PreferencesPanes.swift */ = {isa = PBXFileReference; lastKnownFileType = sourcecode.swift; path = PreferencesPanes.swift; sourceTree = "<group>"; };
		B768871629491B1800C623C9 /* GeneralPreferencesPane.swift */ = {isa = PBXFileReference; lastKnownFileType = sourcecode.swift; path = GeneralPreferencesPane.swift; sourceTree = "<group>"; };
		B768871829491B3B00C623C9 /* DeveloperPreferencesPane.swift */ = {isa = PBXFileReference; lastKnownFileType = sourcecode.swift; path = DeveloperPreferencesPane.swift; sourceTree = "<group>"; };
		B768871A2949225200C623C9 /* BasicHoverModifier.swift */ = {isa = PBXFileReference; lastKnownFileType = sourcecode.swift; path = BasicHoverModifier.swift; sourceTree = "<group>"; };
		B7688722294A06F500C623C9 /* Diagnostic.swift */ = {isa = PBXFileReference; lastKnownFileType = sourcecode.swift; path = Diagnostic.swift; sourceTree = "<group>"; };
		B7688724294A076300C623C9 /* Process.swift */ = {isa = PBXFileReference; lastKnownFileType = sourcecode.swift; path = Process.swift; sourceTree = "<group>"; };
		B7688727294A314400C623C9 /* WSDebugger.swift */ = {isa = PBXFileReference; lastKnownFileType = sourcecode.swift; path = WSDebugger.swift; sourceTree = "<group>"; };
		B7688729294A321200C623C9 /* WSDebuggerView.swift */ = {isa = PBXFileReference; lastKnownFileType = sourcecode.swift; path = WSDebuggerView.swift; sourceTree = "<group>"; };
		B768872B294A359400C623C9 /* WSModal.swift */ = {isa = PBXFileReference; lastKnownFileType = sourcecode.swift; path = WSModal.swift; sourceTree = "<group>"; };
		B76AE921299C03D400A19558 /* MediaPlaylist.swift */ = {isa = PBXFileReference; lastKnownFileType = sourcecode.swift; path = MediaPlaylist.swift; sourceTree = "<group>"; };
		B76AE923299C044800A19558 /* MediaDescription.swift */ = {isa = PBXFileReference; lastKnownFileType = sourcecode.swift; path = MediaDescription.swift; sourceTree = "<group>"; };
		B76AE927299C162600A19558 /* MissingArtwork.png */ = {isa = PBXFileReference; lastKnownFileType = image.png; path = MissingArtwork.png; sourceTree = "<group>"; };
		B76AE929299E993500A19558 /* Comparable.swift */ = {isa = PBXFileReference; lastKnownFileType = sourcecode.swift; path = Comparable.swift; sourceTree = "<group>"; };
		B770D8CE29A0390A00E0A655 /* Cider-Bridging-Header.h */ = {isa = PBXFileReference; lastKnownFileType = sourcecode.c.h; path = "Cider-Bridging-Header.h"; sourceTree = "<group>"; };
		B7774FCF294A5FAC0014505F /* AudioPreferencesPane.swift */ = {isa = PBXFileReference; lastKnownFileType = sourcecode.swift; path = AudioPreferencesPane.swift; sourceTree = "<group>"; };
		B77AACE5293ACC8500F8E1E2 /* SimpleHoverModifier.swift */ = {isa = PBXFileReference; lastKnownFileType = sourcecode.swift; path = SimpleHoverModifier.swift; sourceTree = "<group>"; };
		B77AACE7293ACDE900F8E1E2 /* TooltipView.swift */ = {isa = PBXFileReference; lastKnownFileType = sourcecode.swift; path = TooltipView.swift; sourceTree = "<group>"; };
		B77AACE9293AD0F300F8E1E2 /* MultiColourGlow.swift */ = {isa = PBXFileReference; lastKnownFileType = sourcecode.swift; path = MultiColourGlow.swift; sourceTree = "<group>"; };
		B77AACEB293AD90100F8E1E2 /* DisableScrollingModifier.swift */ = {isa = PBXFileReference; lastKnownFileType = sourcecode.swift; path = DisableScrollingModifier.swift; sourceTree = "<group>"; };
		B77AACED293B702100F8E1E2 /* MediaTrack.swift */ = {isa = PBXFileReference; lastKnownFileType = sourcecode.swift; path = MediaTrack.swift; sourceTree = "<group>"; };
		B77AACF1293B871700F8E1E2 /* MediaTrackRepresentable.swift */ = {isa = PBXFileReference; lastKnownFileType = sourcecode.swift; path = MediaTrackRepresentable.swift; sourceTree = "<group>"; };
		B77AACF3293B8B0D00F8E1E2 /* TransparentScrollbarsModifier.swift */ = {isa = PBXFileReference; lastKnownFileType = sourcecode.swift; path = TransparentScrollbarsModifier.swift; sourceTree = "<group>"; };
		B77AACF5293B93C200F8E1E2 /* TimeInterval.swift */ = {isa = PBXFileReference; lastKnownFileType = sourcecode.swift; path = TimeInterval.swift; sourceTree = "<group>"; };
		B77AACF7293BA95F00F8E1E2 /* MediaActionButton.swift */ = {isa = PBXFileReference; lastKnownFileType = sourcecode.swift; path = MediaActionButton.swift; sourceTree = "<group>"; };
		B77C91AB294DE7E100124B47 /* GoogleService-Info.plist */ = {isa = PBXFileReference; fileEncoding = 4; lastKnownFileType = text.plist.xml; path = "GoogleService-Info.plist"; sourceTree = "<group>"; };
		B77C91AD294FCCE100124B47 /* CaseIterable.swift */ = {isa = PBXFileReference; lastKnownFileType = sourcecode.swift; path = CaseIterable.swift; sourceTree = "<group>"; };
		B78B720A29F09A15006EDC69 /* native-utils.h */ = {isa = PBXFileReference; fileEncoding = 4; lastKnownFileType = sourcecode.c.h; name = "native-utils.h"; path = "NativeUtils/Generated/native-utils/native-utils.h"; sourceTree = SOURCE_ROOT; };
		B78B720B29F09A15006EDC69 /* native-utils.swift */ = {isa = PBXFileReference; fileEncoding = 4; lastKnownFileType = sourcecode.swift; name = "native-utils.swift"; path = "NativeUtils/Generated/native-utils/native-utils.swift"; sourceTree = SOURCE_ROOT; };
		B78B720D29F09A32006EDC69 /* discord-rpc-agent.h */ = {isa = PBXFileReference; fileEncoding = 4; lastKnownFileType = sourcecode.c.h; name = "discord-rpc-agent.h"; path = "DiscordRPCAgent/Generated/discord-rpc-agent/discord-rpc-agent.h"; sourceTree = SOURCE_ROOT; };
		B78B720E29F09A32006EDC69 /* discord-rpc-agent.swift */ = {isa = PBXFileReference; fileEncoding = 4; lastKnownFileType = sourcecode.swift; name = "discord-rpc-agent.swift"; path = "DiscordRPCAgent/Generated/discord-rpc-agent/discord-rpc-agent.swift"; sourceTree = SOURCE_ROOT; };
		B78B721029F09A64006EDC69 /* SwiftBridgeCore.swift */ = {isa = PBXFileReference; fileEncoding = 4; lastKnownFileType = sourcecode.swift; name = SwiftBridgeCore.swift; path = NativeUtils/Generated/SwiftBridgeCore.swift; sourceTree = SOURCE_ROOT; };
		B790345D29F091D5001B11AE /* Settings.swift */ = {isa = PBXFileReference; lastKnownFileType = sourcecode.swift; path = Settings.swift; sourceTree = "<group>"; };
		B797AFF5297F3AB900D77282 /* InteractiveText.swift */ = {isa = PBXFileReference; lastKnownFileType = sourcecode.swift; path = InteractiveText.swift; sourceTree = "<group>"; };
		B797AFF7297F3B6A00D77282 /* ArtistView.swift */ = {isa = PBXFileReference; lastKnownFileType = sourcecode.swift; path = ArtistView.swift; sourceTree = "<group>"; };
		B797AFF9297F3E2000D77282 /* MediaArtist.swift */ = {isa = PBXFileReference; lastKnownFileType = sourcecode.swift; path = MediaArtist.swift; sourceTree = "<group>"; };
		B797AFFB297F3E7B00D77282 /* MediaAny.swift */ = {isa = PBXFileReference; lastKnownFileType = sourcecode.swift; path = MediaAny.swift; sourceTree = "<group>"; };
		B798561E29259D85003CA787 /* libz.tbd */ = {isa = PBXFileReference; lastKnownFileType = "sourcecode.text-based-dylib-definition"; name = libz.tbd; path = usr/lib/libz.tbd; sourceTree = SDKROOT; };
		B79856202925A3C3003CA787 /* GCDWebServer.framework */ = {isa = PBXFileReference; explicitFileType = wrapper.framework; path = GCDWebServer.framework; sourceTree = BUILT_PRODUCTS_DIR; };
		B79856222925A453003CA787 /* GCDWebServer.framework */ = {isa = PBXFileReference; explicitFileType = wrapper.framework; path = GCDWebServer.framework; sourceTree = BUILT_PRODUCTS_DIR; };
		B79856242925A4E9003CA787 /* GCDWebServer.framework */ = {isa = PBXFileReference; explicitFileType = wrapper.framework; path = GCDWebServer.framework; sourceTree = BUILT_PRODUCTS_DIR; };
		B798562829285218003CA787 /* WKWebView.swift */ = {isa = PBXFileReference; lastKnownFileType = sourcecode.swift; path = WKWebView.swift; sourceTree = "<group>"; };
		B798562A292ADE13003CA787 /* String.swift */ = {isa = PBXFileReference; lastKnownFileType = sourcecode.swift; path = String.swift; sourceTree = "<group>"; };
		B798983329D0B6DB00A734DC /* List.swift */ = {isa = PBXFileReference; lastKnownFileType = sourcecode.swift; path = List.swift; sourceTree = "<group>"; };
		B798983729D0E96900A734DC /* DraggableView.swift */ = {isa = PBXFileReference; lastKnownFileType = sourcecode.swift; path = DraggableView.swift; sourceTree = "<group>"; };
		B798983929D22A9400A734DC /* Array.swift */ = {isa = PBXFileReference; lastKnownFileType = sourcecode.swift; path = Array.swift; sourceTree = "<group>"; };
		B7A53E8929A0EBBD005E90F2 /* libdiscord_rpc_agent.a */ = {isa = PBXFileReference; lastKnownFileType = archive.ar; path = libdiscord_rpc_agent.a; sourceTree = "<group>"; };
		B7A53E9529A0EE46005E90F2 /* libdiscord_rpc_agent.a */ = {isa = PBXFileReference; lastKnownFileType = archive.ar; path = libdiscord_rpc_agent.a; sourceTree = "<group>"; };
		B7A53E9729A0EE46005E90F2 /* libdiscord_rpc_agent.a */ = {isa = PBXFileReference; lastKnownFileType = archive.ar; path = libdiscord_rpc_agent.a; sourceTree = "<group>"; };
		B7A6EB6729C539800041FDD7 /* QueueView.swift */ = {isa = PBXFileReference; lastKnownFileType = sourcecode.swift; path = QueueView.swift; sourceTree = "<group>"; };
		B7AAB6F928BABE83009AABEA /* SearchModal.swift */ = {isa = PBXFileReference; lastKnownFileType = sourcecode.swift; path = SearchModal.swift; sourceTree = "<group>"; };
		B7AAB6FB28BABF64009AABEA /* SearchBar.swift */ = {isa = PBXFileReference; lastKnownFileType = sourcecode.swift; path = SearchBar.swift; sourceTree = "<group>"; };
		B7AAB70028BAD782009AABEA /* AppWindowModal.swift */ = {isa = PBXFileReference; lastKnownFileType = sourcecode.swift; path = AppWindowModal.swift; sourceTree = "<group>"; };
		B7AAB70228BADCB2009AABEA /* PlaybackView.swift */ = {isa = PBXFileReference; lastKnownFileType = sourcecode.swift; path = PlaybackView.swift; sourceTree = "<group>"; };
		B7AAB70428BAE3DC009AABEA /* PlaybackCardView.swift */ = {isa = PBXFileReference; lastKnownFileType = sourcecode.swift; path = PlaybackCardView.swift; sourceTree = "<group>"; };
		B7AAB70628BCF89E009AABEA /* View.swift */ = {isa = PBXFileReference; lastKnownFileType = sourcecode.swift; path = View.swift; sourceTree = "<group>"; };
		B7AAB70828BD1174009AABEA /* PlaybackBar.swift */ = {isa = PBXFileReference; lastKnownFileType = sourcecode.swift; path = PlaybackBar.swift; sourceTree = "<group>"; };
		B7AAB70A28BD24B4009AABEA /* MKModal.swift */ = {isa = PBXFileReference; lastKnownFileType = sourcecode.swift; path = MKModal.swift; sourceTree = "<group>"; };
		B7AAB70C28BD2640009AABEA /* HomeView.swift */ = {isa = PBXFileReference; lastKnownFileType = sourcecode.swift; path = HomeView.swift; sourceTree = "<group>"; };
		B7B02F56295629030065FCDD /* Double.swift */ = {isa = PBXFileReference; lastKnownFileType = sourcecode.swift; path = Double.swift; sourceTree = "<group>"; };
		B7B3D8BF29B005100014F63D /* ContextMenu.swift */ = {isa = PBXFileReference; lastKnownFileType = sourcecode.swift; path = ContextMenu.swift; sourceTree = "<group>"; };
		B7C06F832932E1C5000C1192 /* NavigationContainer.swift */ = {isa = PBXFileReference; lastKnownFileType = sourcecode.swift; path = NavigationContainer.swift; sourceTree = "<group>"; };
		B7C5C5D929CE6F4C00EF4D11 /* QueueTrackView.swift */ = {isa = PBXFileReference; lastKnownFileType = sourcecode.swift; path = QueueTrackView.swift; sourceTree = "<group>"; };
		B7C5C5DB29CE765C00EF4D11 /* ArtistNamesInteractiveText.swift */ = {isa = PBXFileReference; lastKnownFileType = sourcecode.swift; path = ArtistNamesInteractiveText.swift; sourceTree = "<group>"; };
		B7C5C5DF29CF827F00EF4D11 /* Defaults.swift */ = {isa = PBXFileReference; lastKnownFileType = sourcecode.swift; path = Defaults.swift; sourceTree = "<group>"; };
		B7C651D328C415F000D32DDC /* AppleAuth.swift */ = {isa = PBXFileReference; lastKnownFileType = sourcecode.swift; path = AppleAuth.swift; sourceTree = "<group>"; };
		B7C651D528C4B8E200D32DDC /* AuthWorker.swift */ = {isa = PBXFileReference; lastKnownFileType = sourcecode.swift; path = AuthWorker.swift; sourceTree = "<group>"; };
		B7C9CD872908467A00A67CE4 /* CiderPlaybackAgent */ = {isa = PBXFileReference; explicitFileType = "compiled.mach-o.executable"; includeInIndex = 0; path = CiderPlaybackAgent; sourceTree = BUILT_PRODUCTS_DIR; };
		B7C9CD892908467A00A67CE4 /* main.swift */ = {isa = PBXFileReference; lastKnownFileType = sourcecode.swift; path = main.swift; sourceTree = "<group>"; };
		B7C9CD8E2908621400A67CE4 /* CiderPlaybackAgent.entitlements */ = {isa = PBXFileReference; lastKnownFileType = text.plist.entitlements; path = CiderPlaybackAgent.entitlements; sourceTree = "<group>"; };
		B7C9CD8F2908745000A67CE4 /* Info.plist */ = {isa = PBXFileReference; lastKnownFileType = text.plist.xml; path = Info.plist; sourceTree = "<group>"; };
		B7C9CD922908797C00A67CE4 /* Dictionary.swift */ = {isa = PBXFileReference; lastKnownFileType = sourcecode.swift; path = Dictionary.swift; sourceTree = "<group>"; };
		B7C9CD94290879F500A67CE4 /* Validation.swift */ = {isa = PBXFileReference; lastKnownFileType = sourcecode.swift; path = Validation.swift; sourceTree = "<group>"; };
		B7C9CD9629087DCA00A67CE4 /* MusicKitWorker.swift */ = {isa = PBXFileReference; lastKnownFileType = sourcecode.swift; path = MusicKitWorker.swift; sourceTree = "<group>"; };
		B7C9CD9E2908861500A67CE4 /* index-cpa.js */ = {isa = PBXFileReference; lastKnownFileType = sourcecode.javascript; name = "index-cpa.js"; path = "CiderPlaybackAgent/Web Scripts/dist/index-cpa.js"; sourceTree = "<group>"; };
		B7C9CDA329088FD400A67CE4 /* CiderPlayback.swift */ = {isa = PBXFileReference; lastKnownFileType = sourcecode.swift; path = CiderPlayback.swift; sourceTree = "<group>"; };
		B7CF3766299A942000922CDA /* SearchView.swift */ = {isa = PBXFileReference; lastKnownFileType = sourcecode.swift; path = SearchView.swift; sourceTree = "<group>"; };
		B7CF3768299AC10B00922CDA /* SearchResults.swift */ = {isa = PBXFileReference; lastKnownFileType = sourcecode.swift; path = SearchResults.swift; sourceTree = "<group>"; };
		B7D1671C28D3C0C300D5B5E8 /* NSApp.swift */ = {isa = PBXFileReference; lastKnownFileType = sourcecode.swift; path = NSApp.swift; sourceTree = "<group>"; };
		B7D46444293574A0000B1E9A /* DetailedView.swift */ = {isa = PBXFileReference; lastKnownFileType = sourcecode.swift; path = DetailedView.swift; sourceTree = "<group>"; };
		B7D5B9E1292C2F9900046B7F /* Logging.swift */ = {isa = PBXFileReference; lastKnownFileType = sourcecode.swift; path = Logging.swift; sourceTree = "<group>"; };
		B7E1CE062996EC6800D25D0F /* SearchSuggestions.swift */ = {isa = PBXFileReference; lastKnownFileType = sourcecode.swift; path = SearchSuggestions.swift; sourceTree = "<group>"; };
		B7E72360299455430086EDA4 /* MediaArtistPresentable.swift */ = {isa = PBXFileReference; lastKnownFileType = sourcecode.swift; path = MediaArtistPresentable.swift; sourceTree = "<group>"; };
		B7EA1019299FFA6A000998A5 /* DiscordRPCModal.swift */ = {isa = PBXFileReference; lastKnownFileType = sourcecode.swift; path = DiscordRPCModal.swift; sourceTree = "<group>"; };
		B7ECB7A728FAD07D00B5DF11 /* Networking.swift */ = {isa = PBXFileReference; lastKnownFileType = sourcecode.swift; path = Networking.swift; sourceTree = "<group>"; };
		B7ECB7AC28FDC56600B5DF11 /* AMError.swift */ = {isa = PBXFileReference; lastKnownFileType = sourcecode.swift; path = AMError.swift; sourceTree = "<group>"; };
		B7ECB7C5290497B000B5DF11 /* ObservableHoveringObject.swift */ = {isa = PBXFileReference; lastKnownFileType = sourcecode.swift; path = ObservableHoveringObject.swift; sourceTree = "<group>"; };
		B7F623F62915DBA500316F8E /* MediaRecommendation.swift */ = {isa = PBXFileReference; lastKnownFileType = sourcecode.swift; path = MediaRecommendation.swift; sourceTree = "<group>"; };
/* End PBXFileReference section */

/* Begin PBXFrameworksBuildPhase section */
		B700C17A28B920F10069FDF5 /* Frameworks */ = {
			isa = PBXFrameworksBuildPhase;
			buildActionMask = 2147483647;
			files = (
				B74EEBDA29D8893100711DB6 /* libnative_utils.a in Frameworks */,
				B7A53E9829A0EE6A005E90F2 /* libdiscord_rpc_agent.a in Frameworks */,
				159598A95DA5DBF58FCF25CA /* Pods_Cider.framework in Frameworks */,
			);
			runOnlyForDeploymentPostprocessing = 0;
		};
		B7C9CD842908467A00A67CE4 /* Frameworks */ = {
			isa = PBXFrameworksBuildPhase;
			buildActionMask = 2147483647;
			files = (
				D7D89040BD15AA200D979B5F /* libPods-CiderPlaybackAgent.a in Frameworks */,
			);
			runOnlyForDeploymentPostprocessing = 0;
		};
/* End PBXFrameworksBuildPhase section */

/* Begin PBXGroup section */
		05E5EED94290D24B5EBA549B /* Frameworks */ = {
			isa = PBXGroup;
			children = (
				B74EEBD929D8892500711DB6 /* libnative_utils.a */,
				B7A53E9429A0EE46005E90F2 /* universal */,
				B7A53E8829A0EBBD005E90F2 /* debug */,
				B79856242925A4E9003CA787 /* GCDWebServer.framework */,
				B79856222925A453003CA787 /* GCDWebServer.framework */,
				B79856202925A3C3003CA787 /* GCDWebServer.framework */,
				B798561E29259D85003CA787 /* libz.tbd */,
				92A1C251C13BA1D5CDA34D91 /* Pods_Cider.framework */,
				5E31CFC35B3290EFC0858648 /* libPods-CiderPlaybackAgent.a */,
			);
			name = Frameworks;
			sourceTree = "<group>";
		};
		B700C17428B920F10069FDF5 = {
			isa = PBXGroup;
			children = (
				B7C9CD9E2908861500A67CE4 /* index-cpa.js */,
				B755C72E28C7F00800A46FB9 /* index.js */,
				B700C17F28B920F10069FDF5 /* Cider */,
				B7C9CD882908467A00A67CE4 /* CiderPlaybackAgent */,
				B700C17E28B920F10069FDF5 /* Products */,
				D71F616D8E45C602E3354C99 /* Pods */,
				05E5EED94290D24B5EBA549B /* Frameworks */,
			);
			sourceTree = "<group>";
		};
		B700C17E28B920F10069FDF5 /* Products */ = {
			isa = PBXGroup;
			children = (
				B700C17D28B920F10069FDF5 /* Cider (Dev).app */,
				B7C9CD872908467A00A67CE4 /* CiderPlaybackAgent */,
			);
			name = Products;
			sourceTree = "<group>";
		};
		B700C17F28B920F10069FDF5 /* Cider */ = {
			isa = PBXGroup;
			children = (
				B78B720929F09A08006EDC69 /* RustInterop */,
				B740CE152991ACAE0096DF6E /* Resources */,
				B7F623F32915DB2100316F8E /* API */,
				B706050B28BD8CB2002AD76C /* Info.plist */,
				B7AAB6F828BABE57009AABEA /* Modals */,
				B7AAB6F728BA2DBF009AABEA /* Utils */,
				B700C1AC28B956550069FDF5 /* CiderDebug.entitlements */,
				B700C1A928B955B10069FDF5 /* Views */,
				B700C19628B92AEB0069FDF5 /* Extensions */,
				B700C18228B920F10069FDF5 /* ContentView.swift */,
				B700C18428B920F20069FDF5 /* Assets.xcassets */,
				B700C18928B920F20069FDF5 /* Cider.entitlements */,
				B700C18628B920F20069FDF5 /* Preview Content */,
				B700C19428B92A4C0069FDF5 /* main.swift */,
				B700C1A528B955090069FDF5 /* AppMenu.swift */,
				B700C19928B92E020069FDF5 /* AppWindow.swift */,
				B77C91AB294DE7E100124B47 /* GoogleService-Info.plist */,
				B770D8CE29A0390A00E0A655 /* Cider-Bridging-Header.h */,
			);
			path = Cider;
			sourceTree = "<group>";
		};
		B700C18628B920F20069FDF5 /* Preview Content */ = {
			isa = PBXGroup;
			children = (
				B700C18728B920F20069FDF5 /* Preview Assets.xcassets */,
			);
			path = "Preview Content";
			sourceTree = "<group>";
		};
		B700C19628B92AEB0069FDF5 /* Extensions */ = {
			isa = PBXGroup;
			children = (
				B700C19728B92AF30069FDF5 /* NSScreen.swift */,
				B7AAB70628BCF89E009AABEA /* View.swift */,
				B725013928C2624300992F57 /* NSColor.swift */,
				B7D1671C28D3C0C300D5B5E8 /* NSApp.swift */,
				B798562A292ADE13003CA787 /* String.swift */,
				B77AACF5293B93C200F8E1E2 /* TimeInterval.swift */,
				B7688724294A076300C623C9 /* Process.swift */,
				B77C91AD294FCCE100124B47 /* CaseIterable.swift */,
				B7B02F56295629030065FCDD /* Double.swift */,
				B76AE929299E993500A19558 /* Comparable.swift */,
				B7C5C5DF29CF827F00EF4D11 /* Defaults.swift */,
				B798983329D0B6DB00A734DC /* List.swift */,
				B798983929D22A9400A734DC /* Array.swift */,
			);
			path = Extensions;
			sourceTree = "<group>";
		};
		B700C1A928B955B10069FDF5 /* Views */ = {
			isa = PBXGroup;
			children = (
				B74EEBCE29D7AE7D00711DB6 /* SidePanes */,
				B77AACE4293ACC7600F8E1E2 /* ViewModifiers */,
				B768871529491AFE00C623C9 /* PreferencesPanes */,
				B7ECB7C429033AA700B5DF11 /* MainViews */,
				B700C1AA28B955C20069FDF5 /* AppTitleBar.swift */,
				B700C1AF28B969F70069FDF5 /* VisualEffectBackground.swift */,
				B700C1B328B96DBD0069FDF5 /* ActionButton.swift */,
				B700C1B528B97CAC0069FDF5 /* SegmentedControl.swift */,
				B7AAB6FB28BABF64009AABEA /* SearchBar.swift */,
				B7AAB70228BADCB2009AABEA /* PlaybackView.swift */,
				B7AAB70428BAE3DC009AABEA /* PlaybackCardView.swift */,
				B7AAB70828BD1174009AABEA /* PlaybackBar.swift */,
				B706051028BFA181002AD76C /* MediaShowcaseRow.swift */,
				B725013D28C2637F00992F57 /* MediaPresentable.swift */,
				B7C06F832932E1C5000C1192 /* NavigationContainer.swift */,
				B753CF4F293A9C8D00019B15 /* PatchedGeometryReader.swift */,
				B77AACE7293ACDE900F8E1E2 /* TooltipView.swift */,
				B77AACF1293B871700F8E1E2 /* MediaTrackRepresentable.swift */,
				B77AACF7293BA95F00F8E1E2 /* MediaActionButton.swift */,
				B797AFF5297F3AB900D77282 /* InteractiveText.swift */,
				B7E72360299455430086EDA4 /* MediaArtistPresentable.swift */,
				B7C5C5DB29CE765C00EF4D11 /* ArtistNamesInteractiveText.swift */,
			);
			path = Views;
			sourceTree = "<group>";
		};
		B740CE152991ACAE0096DF6E /* Resources */ = {
			isa = PBXGroup;
			children = (
				B76AE927299C162600A19558 /* MissingArtwork.png */,
				B740CE162991AD050096DF6E /* htmltext-style.css */,
			);
			path = Resources;
			sourceTree = "<group>";
		};
		B74EEBCE29D7AE7D00711DB6 /* SidePanes */ = {
			isa = PBXGroup;
			children = (
				B7A6EB6729C539800041FDD7 /* QueueView.swift */,
				B7C5C5D929CE6F4C00EF4D11 /* QueueTrackView.swift */,
				B74EEBD129D7AEAB00711DB6 /* LyricsPaneView.swift */,
				B74EEBD329D86EEF00711DB6 /* SidePane.swift */,
			);
			path = SidePanes;
			sourceTree = "<group>";
		};
		B768871529491AFE00C623C9 /* PreferencesPanes */ = {
			isa = PBXGroup;
			children = (
				B76887132949172300C623C9 /* PreferencesPanes.swift */,
				B768871629491B1800C623C9 /* GeneralPreferencesPane.swift */,
				B768871829491B3B00C623C9 /* DeveloperPreferencesPane.swift */,
				B7774FCF294A5FAC0014505F /* AudioPreferencesPane.swift */,
			);
			path = PreferencesPanes;
			sourceTree = "<group>";
		};
		B7688726294A313500C623C9 /* WSDebugger */ = {
			isa = PBXGroup;
			children = (
				B7688727294A314400C623C9 /* WSDebugger.swift */,
				B7688729294A321200C623C9 /* WSDebuggerView.swift */,
			);
			path = WSDebugger;
			sourceTree = "<group>";
		};
		B77AACE4293ACC7600F8E1E2 /* ViewModifiers */ = {
			isa = PBXGroup;
			children = (
				B77AACE5293ACC8500F8E1E2 /* SimpleHoverModifier.swift */,
				B77AACE9293AD0F300F8E1E2 /* MultiColourGlow.swift */,
				B77AACEB293AD90100F8E1E2 /* DisableScrollingModifier.swift */,
				B77AACF3293B8B0D00F8E1E2 /* TransparentScrollbarsModifier.swift */,
				B768871A2949225200C623C9 /* BasicHoverModifier.swift */,
				B75C7C1229B12AE500F7693E /* CatalogActions.swift */,
				B7B3D8BF29B005100014F63D /* ContextMenu.swift */,
				B798983729D0E96900A734DC /* DraggableView.swift */,
			);
			path = ViewModifiers;
			sourceTree = "<group>";
		};
		B78B720929F09A08006EDC69 /* RustInterop */ = {
			isa = PBXGroup;
			children = (
				B78B720A29F09A15006EDC69 /* native-utils.h */,
				B78B720B29F09A15006EDC69 /* native-utils.swift */,
				B78B720D29F09A32006EDC69 /* discord-rpc-agent.h */,
				B78B720E29F09A32006EDC69 /* discord-rpc-agent.swift */,
				B78B721029F09A64006EDC69 /* SwiftBridgeCore.swift */,
			);
			path = RustInterop;
			sourceTree = "<group>";
		};
		B7A53E8829A0EBBD005E90F2 /* debug */ = {
			isa = PBXGroup;
			children = (
				B7A53E8929A0EBBD005E90F2 /* libdiscord_rpc_agent.a */,
			);
			name = debug;
			path = DiscordRPCAgent/target/universal/debug;
			sourceTree = "<group>";
		};
		B7A53E9429A0EE46005E90F2 /* universal */ = {
			isa = PBXGroup;
			children = (
				B7A53E9529A0EE46005E90F2 /* libdiscord_rpc_agent.a */,
				B7A53E9629A0EE46005E90F2 /* debug */,
			);
			name = universal;
			path = DiscordRPCAgent/target/universal;
			sourceTree = "<group>";
		};
		B7A53E9629A0EE46005E90F2 /* debug */ = {
			isa = PBXGroup;
			children = (
				B7A53E9729A0EE46005E90F2 /* libdiscord_rpc_agent.a */,
			);
			path = debug;
			sourceTree = "<group>";
		};
		B7AAB6F728BA2DBF009AABEA /* Utils */ = {
			isa = PBXGroup;
			children = (
				B7688726294A313500C623C9 /* WSDebugger */,
				B7C651D528C4B8E200D32DDC /* AuthWorker.swift */,
				B706050C28BE0B4F002AD76C /* AMAPI.swift */,
				B7C651D328C415F000D32DDC /* AppleAuth.swift */,
				B703BBCE28CC05FA00228324 /* Alert.swift */,
				B7ECB7A728FAD07D00B5DF11 /* Networking.swift */,
				B7ECB7AC28FDC56600B5DF11 /* AMError.swift */,
				B7ECB7C5290497B000B5DF11 /* ObservableHoveringObject.swift */,
				B7C9CDA329088FD400A67CE4 /* CiderPlayback.swift */,
				B7D5B9E1292C2F9900046B7F /* Logging.swift */,
				B76887112948F9C600C623C9 /* Support.swift */,
				B7688722294A06F500C623C9 /* Diagnostic.swift */,
				B790345D29F091D5001B11AE /* Settings.swift */,
			);
			path = Utils;
			sourceTree = "<group>";
		};
		B7AAB6F828BABE57009AABEA /* Modals */ = {
			isa = PBXGroup;
			children = (
				B7AAB6F928BABE83009AABEA /* SearchModal.swift */,
				B7AAB70028BAD782009AABEA /* AppWindowModal.swift */,
				B7AAB70A28BD24B4009AABEA /* MKModal.swift */,
				B75219AF291984AD005CF8F0 /* NavigationModal.swift */,
				B75219BF291F0742005CF8F0 /* PersonalisedData.swift */,
				B768872B294A359400C623C9 /* WSModal.swift */,
				B7EA1019299FFA6A000998A5 /* DiscordRPCModal.swift */,
				B74EEBDD29D88B7200711DB6 /* NativeUtils.swift */,
			);
			path = Modals;
			sourceTree = "<group>";
		};
		B7C9CD882908467A00A67CE4 /* CiderPlaybackAgent */ = {
			isa = PBXGroup;
			children = (
				B7C9CD912908796D00A67CE4 /* Extensions */,
				B7C9CD8E2908621400A67CE4 /* CiderPlaybackAgent.entitlements */,
				B7C9CD892908467A00A67CE4 /* main.swift */,
				B7C9CD8F2908745000A67CE4 /* Info.plist */,
				B7C9CD94290879F500A67CE4 /* Validation.swift */,
				B7C9CD9629087DCA00A67CE4 /* MusicKitWorker.swift */,
			);
			path = CiderPlaybackAgent;
			sourceTree = "<group>";
		};
		B7C9CD912908796D00A67CE4 /* Extensions */ = {
			isa = PBXGroup;
			children = (
				B7C9CD922908797C00A67CE4 /* Dictionary.swift */,
				B7284174290DABA100B7A525 /* Bundle.swift */,
				B798562829285218003CA787 /* WKWebView.swift */,
			);
			path = Extensions;
			sourceTree = "<group>";
		};
		B7ECB7C429033AA700B5DF11 /* MainViews */ = {
			isa = PBXGroup;
			children = (
				B7AAB70C28BD2640009AABEA /* HomeView.swift */,
				B7D46444293574A0000B1E9A /* DetailedView.swift */,
				B797AFF7297F3B6A00D77282 /* ArtistView.swift */,
				B7CF3766299A942000922CDA /* SearchView.swift */,
			);
			path = MainViews;
			sourceTree = "<group>";
		};
		B7F623F32915DB2100316F8E /* API */ = {
			isa = PBXGroup;
			children = (
				B7F623F62915DBA500316F8E /* MediaRecommendation.swift */,
				B75219A92918358C005CF8F0 /* MediaType.swift */,
				B75219AB291836B5005CF8F0 /* MediaItem.swift */,
				B75219AD29187525005CF8F0 /* MediaArtwork.swift */,
				B77AACED293B702100F8E1E2 /* MediaTrack.swift */,
				B797AFF9297F3E2000D77282 /* MediaArtist.swift */,
				B797AFFB297F3E7B00D77282 /* MediaAny.swift */,
				B7E1CE062996EC6800D25D0F /* SearchSuggestions.swift */,
				B7CF3768299AC10B00922CDA /* SearchResults.swift */,
				B76AE921299C03D400A19558 /* MediaPlaylist.swift */,
				B76AE923299C044800A19558 /* MediaDescription.swift */,
			);
			path = API;
			sourceTree = "<group>";
		};
		D71F616D8E45C602E3354C99 /* Pods */ = {
			isa = PBXGroup;
			children = (
				59020774FDBF60D74A9162C0 /* Pods-Cider.debug.xcconfig */,
				60DA3C02D43851B5596ABCDB /* Pods-Cider.release.xcconfig */,
				A7955FCB2FC3A98722AC9E6D /* Pods-CiderPlaybackAgent.debug.xcconfig */,
				1D0D0AA5A8525D1CEC676F1E /* Pods-CiderPlaybackAgent.release.xcconfig */,
			);
			path = Pods;
			sourceTree = "<group>";
		};
/* End PBXGroup section */

/* Begin PBXNativeTarget section */
		B700C17C28B920F10069FDF5 /* Cider */ = {
			isa = PBXNativeTarget;
			buildConfigurationList = B700C18C28B920F20069FDF5 /* Build configuration list for PBXNativeTarget "Cider" */;
			buildPhases = (
				693FEF010F50209E55ABD2C7 /* [CP] Check Pods Manifest.lock */,
				B76E1D5129A01A120087D3E5 /* Build DIscordRPCAgent */,
				B74EEBD529D8862500711DB6 /* Build NativeUtils */,
				B700C17928B920F10069FDF5 /* Sources */,
				B700C17A28B920F10069FDF5 /* Frameworks */,
				B700C17B28B920F10069FDF5 /* Resources */,
				B7C5C5E129CFA95C00EF4D11 /* Build JS Scripts */,
				B7C9CDA129088F4F00A67CE4 /* Copy JS Scripts */,
				B755C73028C7F0CA00A46FB9 /* Finalise JS Scripts */,
				DAE76AC54B0D06B316E9E6E2 /* [CP] Embed Pods Frameworks */,
			);
			buildRules = (
			);
			dependencies = (
			);
			name = Cider;
			productName = Cider;
			productReference = B700C17D28B920F10069FDF5 /* Cider (Dev).app */;
			productType = "com.apple.product-type.application";
		};
		B7C9CD862908467A00A67CE4 /* CiderPlaybackAgent */ = {
			isa = PBXNativeTarget;
			buildConfigurationList = B7C9CD8D2908467A00A67CE4 /* Build configuration list for PBXNativeTarget "CiderPlaybackAgent" */;
			buildPhases = (
				6D6F04F8EBBA19BF90F40060 /* [CP] Check Pods Manifest.lock */,
				B7C9CD832908467A00A67CE4 /* Sources */,
				B7C9CD842908467A00A67CE4 /* Frameworks */,
			);
			buildRules = (
			);
			dependencies = (
			);
			name = CiderPlaybackAgent;
			productName = CiderPlaybackAgent;
			productReference = B7C9CD872908467A00A67CE4 /* CiderPlaybackAgent */;
			productType = "com.apple.product-type.tool";
		};
/* End PBXNativeTarget section */

/* Begin PBXProject section */
		B700C17528B920F10069FDF5 /* Project object */ = {
			isa = PBXProject;
			attributes = {
				BuildIndependentTargetsInParallel = 1;
				LastSwiftUpdateCheck = 1340;
				LastUpgradeCheck = 1500;
				ORGANIZATIONNAME = "Cider Collective";
				TargetAttributes = {
					B700C17C28B920F10069FDF5 = {
						CreatedOnToolsVersion = 13.4.1;
						LastSwiftMigration = 1420;
					};
					B7C9CD862908467A00A67CE4 = {
						CreatedOnToolsVersion = 13.4.1;
					};
				};
			};
			buildConfigurationList = B700C17828B920F10069FDF5 /* Build configuration list for PBXProject "Cider" */;
			compatibilityVersion = "Xcode 13.0";
			developmentRegion = en;
			hasScannedForEncodings = 0;
			knownRegions = (
				en,
				Base,
			);
			mainGroup = B700C17428B920F10069FDF5;
			productRefGroup = B700C17E28B920F10069FDF5 /* Products */;
			projectDirPath = "";
			projectRoot = "";
			targets = (
				B700C17C28B920F10069FDF5 /* Cider */,
				B7C9CD862908467A00A67CE4 /* CiderPlaybackAgent */,
			);
		};
/* End PBXProject section */

/* Begin PBXResourcesBuildPhase section */
		B700C17B28B920F10069FDF5 /* Resources */ = {
			isa = PBXResourcesBuildPhase;
			buildActionMask = 2147483647;
			files = (
				B700C18828B920F20069FDF5 /* Preview Assets.xcassets in Resources */,
				B740CE172991AD050096DF6E /* htmltext-style.css in Resources */,
				B700C18528B920F20069FDF5 /* Assets.xcassets in Resources */,
				B77C91AC294DE7E100124B47 /* GoogleService-Info.plist in Resources */,
				B76AE928299C162600A19558 /* MissingArtwork.png in Resources */,
			);
			runOnlyForDeploymentPostprocessing = 0;
		};
/* End PBXResourcesBuildPhase section */

/* Begin PBXShellScriptBuildPhase section */
		693FEF010F50209E55ABD2C7 /* [CP] Check Pods Manifest.lock */ = {
			isa = PBXShellScriptBuildPhase;
			buildActionMask = 2147483647;
			files = (
			);
			inputFileListPaths = (
			);
			inputPaths = (
				"${PODS_PODFILE_DIR_PATH}/Podfile.lock",
				"${PODS_ROOT}/Manifest.lock",
			);
			name = "[CP] Check Pods Manifest.lock";
			outputFileListPaths = (
			);
			outputPaths = (
				"$(DERIVED_FILE_DIR)/Pods-Cider-checkManifestLockResult.txt",
			);
			runOnlyForDeploymentPostprocessing = 0;
			shellPath = /bin/sh;
			shellScript = "diff \"${PODS_PODFILE_DIR_PATH}/Podfile.lock\" \"${PODS_ROOT}/Manifest.lock\" > /dev/null\nif [ $? != 0 ] ; then\n    # print error to STDERR\n    echo \"error: The sandbox is not in sync with the Podfile.lock. Run 'pod install' or update your CocoaPods installation.\" >&2\n    exit 1\nfi\n# This output is used by Xcode 'outputs' to avoid re-running this script phase.\necho \"SUCCESS\" > \"${SCRIPT_OUTPUT_FILE_0}\"\n";
			showEnvVarsInLog = 0;
		};
		6D6F04F8EBBA19BF90F40060 /* [CP] Check Pods Manifest.lock */ = {
			isa = PBXShellScriptBuildPhase;
			buildActionMask = 2147483647;
			files = (
			);
			inputFileListPaths = (
			);
			inputPaths = (
				"${PODS_PODFILE_DIR_PATH}/Podfile.lock",
				"${PODS_ROOT}/Manifest.lock",
			);
			name = "[CP] Check Pods Manifest.lock";
			outputFileListPaths = (
			);
			outputPaths = (
				"$(DERIVED_FILE_DIR)/Pods-CiderPlaybackAgent-checkManifestLockResult.txt",
			);
			runOnlyForDeploymentPostprocessing = 0;
			shellPath = /bin/sh;
			shellScript = "diff \"${PODS_PODFILE_DIR_PATH}/Podfile.lock\" \"${PODS_ROOT}/Manifest.lock\" > /dev/null\nif [ $? != 0 ] ; then\n    # print error to STDERR\n    echo \"error: The sandbox is not in sync with the Podfile.lock. Run 'pod install' or update your CocoaPods installation.\" >&2\n    exit 1\nfi\n# This output is used by Xcode 'outputs' to avoid re-running this script phase.\necho \"SUCCESS\" > \"${SCRIPT_OUTPUT_FILE_0}\"\n";
			showEnvVarsInLog = 0;
		};
		B74EEBD529D8862500711DB6 /* Build NativeUtils */ = {
			isa = PBXShellScriptBuildPhase;
			buildActionMask = 2147483647;
			files = (
			);
			inputFileListPaths = (
			);
			inputPaths = (
			);
			name = "Build NativeUtils";
			outputFileListPaths = (
			);
			outputPaths = (
			);
			runOnlyForDeploymentPostprocessing = 0;
			shellPath = /bin/zsh;
			shellScript = "if nc -z localhost 2345 2>/dev/null; then\n    echo \"CiderDevServer is up, attempting to compile DiscordRPCAgent\"\n    curl \"localhost:2345/perform-task?task=build:native-utils-lib\"\nfi\n";
		};
		B755C73028C7F0CA00A46FB9 /* Finalise JS Scripts */ = {
			isa = PBXShellScriptBuildPhase;
			buildActionMask = 2147483647;
			files = (
			);
			inputFileListPaths = (
			);
			inputPaths = (
				$CONFIGURATION_BUILD_DIR/$CONTENTS_FOLDER_PATH/SharedSupport/index.js,
				"$CONFIGURATION_BUILD_DIR/$CONTENTS_FOLDER_PATH/SharedSupport/index-cpa.js",
			);
			name = "Finalise JS Scripts";
			outputFileListPaths = (
			);
			outputPaths = (
				$CONFIGURATION_BUILD_DIR/$CONTENTS_FOLDER_PATH/SharedSupport/ciderwebauth.js,
				$CONFIGURATION_BUILD_DIR/$CONTENTS_FOLDER_PATH/SharedSupport/ciderplaybackagent.js,
			);
			runOnlyForDeploymentPostprocessing = 0;
			shellPath = /bin/zsh;
			shellScript = "mv $CONFIGURATION_BUILD_DIR/$CONTENTS_FOLDER_PATH/SharedSupport/index.js \"$CONFIGURATION_BUILD_DIR/$CONTENTS_FOLDER_PATH/SharedSupport/ciderwebauth.js\"\nmv $CONFIGURATION_BUILD_DIR/$CONTENTS_FOLDER_PATH/SharedSupport/index-cpa.js \"$CONFIGURATION_BUILD_DIR/$CONTENTS_FOLDER_PATH/SharedSupport/ciderplaybackagent.js\"\n";
		};
		B76E1D5129A01A120087D3E5 /* Build DIscordRPCAgent */ = {
			isa = PBXShellScriptBuildPhase;
			buildActionMask = 2147483647;
			files = (
			);
			inputFileListPaths = (
			);
			inputPaths = (
			);
			name = "Build DIscordRPCAgent";
			outputFileListPaths = (
			);
			outputPaths = (
			);
			runOnlyForDeploymentPostprocessing = 0;
			shellPath = /bin/zsh;
			shellScript = "if nc -z localhost 2345 2>/dev/null; then\n    echo \"CiderDevServer is up, attempting to compile DiscordRPCAgent\"\n    curl \"localhost:2345/perform-task?task=build:discord-rpc-lib\"\nfi\n";
		};
		B7C5C5E129CFA95C00EF4D11 /* Build JS Scripts */ = {
			isa = PBXShellScriptBuildPhase;
			buildActionMask = 2147483647;
			files = (
			);
			inputFileListPaths = (
			);
			inputPaths = (
			);
			name = "Build JS Scripts";
			outputFileListPaths = (
			);
			outputPaths = (
			);
			runOnlyForDeploymentPostprocessing = 0;
			shellPath = /bin/zsh;
			shellScript = "if nc -z localhost 2345 2>/dev/null; then\n    echo \"CiderDevServer is up, attempting to compile JavaScript code\"\n    curl \"localhost:2345/perform-task?task=build:all-js\"\nfi\n";
		};
		DAE76AC54B0D06B316E9E6E2 /* [CP] Embed Pods Frameworks */ = {
			isa = PBXShellScriptBuildPhase;
			buildActionMask = 2147483647;
			files = (
			);
			inputFileListPaths = (
				"${PODS_ROOT}/Target Support Files/Pods-Cider/Pods-Cider-frameworks-${CONFIGURATION}-input-files.xcfilelist",
			);
			name = "[CP] Embed Pods Frameworks";
			outputFileListPaths = (
				"${PODS_ROOT}/Target Support Files/Pods-Cider/Pods-Cider-frameworks-${CONFIGURATION}-output-files.xcfilelist",
			);
			runOnlyForDeploymentPostprocessing = 0;
			shellPath = /bin/sh;
			shellScript = "\"${PODS_ROOT}/Target Support Files/Pods-Cider/Pods-Cider-frameworks.sh\"\n";
			showEnvVarsInLog = 0;
		};
/* End PBXShellScriptBuildPhase section */

/* Begin PBXSourcesBuildPhase section */
		B700C17928B920F10069FDF5 /* Sources */ = {
			isa = PBXSourcesBuildPhase;
			buildActionMask = 2147483647;
			files = (
				B7AAB70B28BD24B4009AABEA /* MKModal.swift in Sources */,
				B78B720C29F09A15006EDC69 /* native-utils.swift in Sources */,
				B76AE922299C03D400A19558 /* MediaPlaylist.swift in Sources */,
				B700C19828B92AF30069FDF5 /* NSScreen.swift in Sources */,
				B700C1B628B97CAC0069FDF5 /* SegmentedControl.swift in Sources */,
				B74EEBD229D7AEAB00711DB6 /* LyricsPaneView.swift in Sources */,
				B76AE924299C044800A19558 /* MediaDescription.swift in Sources */,
				B7D46445293574A0000B1E9A /* DetailedView.swift in Sources */,
				B768872A294A321200C623C9 /* WSDebuggerView.swift in Sources */,
				B7AAB70728BCF89E009AABEA /* View.swift in Sources */,
				B74EEBD429D86EEF00711DB6 /* SidePane.swift in Sources */,
				B7688725294A076300C623C9 /* Process.swift in Sources */,
				B7C5C5DC29CE765C00EF4D11 /* ArtistNamesInteractiveText.swift in Sources */,
				B700C1B028B969F70069FDF5 /* VisualEffectBackground.swift in Sources */,
				B7AAB70528BAE3DC009AABEA /* PlaybackCardView.swift in Sources */,
				B700C19528B92A4C0069FDF5 /* main.swift in Sources */,
				B77AACEC293AD90100F8E1E2 /* DisableScrollingModifier.swift in Sources */,
				B797AFFA297F3E2000D77282 /* MediaArtist.swift in Sources */,
				B798983429D0B6DB00A734DC /* List.swift in Sources */,
				B7D1671D28D3C0C300D5B5E8 /* NSApp.swift in Sources */,
				B700C18328B920F10069FDF5 /* ContentView.swift in Sources */,
				B7F623F72915DBA500316F8E /* MediaRecommendation.swift in Sources */,
				B703BBCF28CC05FA00228324 /* Alert.swift in Sources */,
				B797AFF6297F3AB900D77282 /* InteractiveText.swift in Sources */,
				B75219C0291F0742005CF8F0 /* PersonalisedData.swift in Sources */,
				B798983A29D22A9400A734DC /* Array.swift in Sources */,
				B76887122948F9C600C623C9 /* Support.swift in Sources */,
				B76AE92A299E993500A19558 /* Comparable.swift in Sources */,
				B768871929491B3B00C623C9 /* DeveloperPreferencesPane.swift in Sources */,
				B7AAB70128BAD782009AABEA /* AppWindowModal.swift in Sources */,
				B768871729491B1800C623C9 /* GeneralPreferencesPane.swift in Sources */,
				B7B02F57295629030065FCDD /* Double.swift in Sources */,
				B7C06F842932E1C5000C1192 /* NavigationContainer.swift in Sources */,
				B7AAB70D28BD2640009AABEA /* HomeView.swift in Sources */,
				B7688728294A314400C623C9 /* WSDebugger.swift in Sources */,
				B7AAB70928BD1174009AABEA /* PlaybackBar.swift in Sources */,
				B7774FD0294A5FAC0014505F /* AudioPreferencesPane.swift in Sources */,
				B74EEBDE29D88B7200711DB6 /* NativeUtils.swift in Sources */,
				B7A6EB6829C539800041FDD7 /* QueueView.swift in Sources */,
				B77AACF6293B93C200F8E1E2 /* TimeInterval.swift in Sources */,
				B7E1CE072996EC6800D25D0F /* SearchSuggestions.swift in Sources */,
				B7AAB6FA28BABE83009AABEA /* SearchModal.swift in Sources */,
				B700C1A628B955090069FDF5 /* AppMenu.swift in Sources */,
				B7CF3767299A942000922CDA /* SearchView.swift in Sources */,
				B77AACF2293B871700F8E1E2 /* MediaTrackRepresentable.swift in Sources */,
				B706051128BFA181002AD76C /* MediaShowcaseRow.swift in Sources */,
				B77C91AE294FCCE100124B47 /* CaseIterable.swift in Sources */,
				B77AACF4293B8B0D00F8E1E2 /* TransparentScrollbarsModifier.swift in Sources */,
				B7C651D628C4B8E200D32DDC /* AuthWorker.swift in Sources */,
				B77AACE6293ACC8500F8E1E2 /* SimpleHoverModifier.swift in Sources */,
				B768871B2949225200C623C9 /* BasicHoverModifier.swift in Sources */,
				B75219AA2918358C005CF8F0 /* MediaType.swift in Sources */,
				B7C9CDA429088FD400A67CE4 /* CiderPlayback.swift in Sources */,
				B7C651D428C415F000D32DDC /* AppleAuth.swift in Sources */,
				B7688723294A06F600C623C9 /* Diagnostic.swift in Sources */,
				B7B3D8C029B005100014F63D /* ContextMenu.swift in Sources */,
				B7AAB70328BADCB2009AABEA /* PlaybackView.swift in Sources */,
				B75219B0291984AD005CF8F0 /* NavigationModal.swift in Sources */,
				B75C7C1329B12AE500F7693E /* CatalogActions.swift in Sources */,
				B700C1AB28B955C20069FDF5 /* AppTitleBar.swift in Sources */,
				B798562B292ADE13003CA787 /* String.swift in Sources */,
				B700C1B428B96DBD0069FDF5 /* ActionButton.swift in Sources */,
				B7ECB7C6290497B000B5DF11 /* ObservableHoveringObject.swift in Sources */,
				B75219AE29187526005CF8F0 /* MediaArtwork.swift in Sources */,
				B77AACEE293B702100F8E1E2 /* MediaTrack.swift in Sources */,
				B7E72361299455430086EDA4 /* MediaArtistPresentable.swift in Sources */,
				B7C5C5E029CF827F00EF4D11 /* Defaults.swift in Sources */,
				B7D5B9E2292C2F9900046B7F /* Logging.swift in Sources */,
				B797AFF8297F3B6A00D77282 /* ArtistView.swift in Sources */,
				B797AFFC297F3E7B00D77282 /* MediaAny.swift in Sources */,
				B76887142949172300C623C9 /* PreferencesPanes.swift in Sources */,
				B77AACEA293AD0F300F8E1E2 /* MultiColourGlow.swift in Sources */,
				B77AACE8293ACDE900F8E1E2 /* TooltipView.swift in Sources */,
				B706050D28BE0B4F002AD76C /* AMAPI.swift in Sources */,
				B753CF50293A9C8D00019B15 /* PatchedGeometryReader.swift in Sources */,
				B75219AC291836B5005CF8F0 /* MediaItem.swift in Sources */,
				B77AACF8293BA95F00F8E1E2 /* MediaActionButton.swift in Sources */,
				B7EA101A299FFA6A000998A5 /* DiscordRPCModal.swift in Sources */,
				B7CF3769299AC10B00922CDA /* SearchResults.swift in Sources */,
				B798983829D0E96900A734DC /* DraggableView.swift in Sources */,
				B7ECB7AD28FDC56600B5DF11 /* AMError.swift in Sources */,
				B725013E28C2637F00992F57 /* MediaPresentable.swift in Sources */,
				B7AAB6FC28BABF64009AABEA /* SearchBar.swift in Sources */,
				B78B721129F09A64006EDC69 /* SwiftBridgeCore.swift in Sources */,
				B7ECB7A828FAD07D00B5DF11 /* Networking.swift in Sources */,
				B725013A28C2624300992F57 /* NSColor.swift in Sources */,
				B700C19A28B92E020069FDF5 /* AppWindow.swift in Sources */,
				B78B720F29F09A32006EDC69 /* discord-rpc-agent.swift in Sources */,
				B7C5C5DA29CE6F4C00EF4D11 /* QueueTrackView.swift in Sources */,
				B768872C294A359400C623C9 /* WSModal.swift in Sources */,
				B790345E29F091D5001B11AE /* Settings.swift in Sources */,
			);
			runOnlyForDeploymentPostprocessing = 0;
		};
		B7C9CD832908467A00A67CE4 /* Sources */ = {
			isa = PBXSourcesBuildPhase;
			buildActionMask = 2147483647;
			files = (
				B7C9CD8A2908467A00A67CE4 /* main.swift in Sources */,
				B7C9CD95290879F500A67CE4 /* Validation.swift in Sources */,
				B7C9CD9729087DCA00A67CE4 /* MusicKitWorker.swift in Sources */,
				B798562929285218003CA787 /* WKWebView.swift in Sources */,
				B7284175290DABA100B7A525 /* Bundle.swift in Sources */,
				B7C9CD932908797C00A67CE4 /* Dictionary.swift in Sources */,
			);
			runOnlyForDeploymentPostprocessing = 0;
		};
/* End PBXSourcesBuildPhase section */

/* Begin XCBuildConfiguration section */
		B700C18A28B920F20069FDF5 /* Debug */ = {
			isa = XCBuildConfiguration;
			buildSettings = {
				ALWAYS_SEARCH_USER_PATHS = NO;
				CLANG_ANALYZER_NONNULL = YES;
				CLANG_ANALYZER_NUMBER_OBJECT_CONVERSION = YES_AGGRESSIVE;
				CLANG_CXX_LANGUAGE_STANDARD = "gnu++17";
				CLANG_ENABLE_MODULES = YES;
				CLANG_ENABLE_OBJC_ARC = YES;
				CLANG_ENABLE_OBJC_WEAK = YES;
				CLANG_WARN_BLOCK_CAPTURE_AUTORELEASING = YES;
				CLANG_WARN_BOOL_CONVERSION = YES;
				CLANG_WARN_COMMA = YES;
				CLANG_WARN_CONSTANT_CONVERSION = YES;
				CLANG_WARN_DEPRECATED_OBJC_IMPLEMENTATIONS = YES;
				CLANG_WARN_DIRECT_OBJC_ISA_USAGE = YES_ERROR;
				CLANG_WARN_DOCUMENTATION_COMMENTS = YES;
				CLANG_WARN_EMPTY_BODY = YES;
				CLANG_WARN_ENUM_CONVERSION = YES;
				CLANG_WARN_INFINITE_RECURSION = YES;
				CLANG_WARN_INT_CONVERSION = YES;
				CLANG_WARN_NON_LITERAL_NULL_CONVERSION = YES;
				CLANG_WARN_OBJC_IMPLICIT_RETAIN_SELF = YES;
				CLANG_WARN_OBJC_LITERAL_CONVERSION = YES;
				CLANG_WARN_OBJC_ROOT_CLASS = YES_ERROR;
				CLANG_WARN_QUOTED_INCLUDE_IN_FRAMEWORK_HEADER = YES;
				CLANG_WARN_RANGE_LOOP_ANALYSIS = YES;
				CLANG_WARN_STRICT_PROTOTYPES = YES;
				CLANG_WARN_SUSPICIOUS_MOVE = YES;
				CLANG_WARN_UNGUARDED_AVAILABILITY = YES_AGGRESSIVE;
				CLANG_WARN_UNREACHABLE_CODE = YES;
				CLANG_WARN__DUPLICATE_METHOD_MATCH = YES;
				COPY_PHASE_STRIP = NO;
				DEAD_CODE_STRIPPING = YES;
				DEBUG_INFORMATION_FORMAT = dwarf;
				DEVELOPMENT_TEAM = 8R23J2835D;
				ENABLE_STRICT_OBJC_MSGSEND = YES;
				ENABLE_TESTABILITY = YES;
				ENABLE_USER_SCRIPT_SANDBOXING = YES;
				GCC_C_LANGUAGE_STANDARD = gnu11;
				GCC_DYNAMIC_NO_PIC = NO;
				GCC_NO_COMMON_BLOCKS = YES;
				GCC_OPTIMIZATION_LEVEL = 0;
				GCC_PREPROCESSOR_DEFINITIONS = (
					"DEBUG=1",
					"$(inherited)",
				);
				GCC_WARN_64_TO_32_BIT_CONVERSION = YES;
				GCC_WARN_ABOUT_RETURN_TYPE = YES_ERROR;
				GCC_WARN_UNDECLARED_SELECTOR = YES;
				GCC_WARN_UNINITIALIZED_AUTOS = YES_AGGRESSIVE;
				GCC_WARN_UNUSED_FUNCTION = YES;
				GCC_WARN_UNUSED_VARIABLE = YES;
				MACOSX_DEPLOYMENT_TARGET = 12.3;
				MTL_ENABLE_DEBUG_INFO = INCLUDE_SOURCE;
				MTL_FAST_MATH = YES;
				ONLY_ACTIVE_ARCH = YES;
				SDKROOT = macosx;
				SWIFT_ACTIVE_COMPILATION_CONDITIONS = DEBUG;
				SWIFT_OPTIMIZATION_LEVEL = "-Onone";
			};
			name = Debug;
		};
		B700C18B28B920F20069FDF5 /* Release */ = {
			isa = XCBuildConfiguration;
			buildSettings = {
				ALWAYS_SEARCH_USER_PATHS = NO;
				CLANG_ANALYZER_NONNULL = YES;
				CLANG_ANALYZER_NUMBER_OBJECT_CONVERSION = YES_AGGRESSIVE;
				CLANG_CXX_LANGUAGE_STANDARD = "gnu++17";
				CLANG_ENABLE_MODULES = YES;
				CLANG_ENABLE_OBJC_ARC = YES;
				CLANG_ENABLE_OBJC_WEAK = YES;
				CLANG_WARN_BLOCK_CAPTURE_AUTORELEASING = YES;
				CLANG_WARN_BOOL_CONVERSION = YES;
				CLANG_WARN_COMMA = YES;
				CLANG_WARN_CONSTANT_CONVERSION = YES;
				CLANG_WARN_DEPRECATED_OBJC_IMPLEMENTATIONS = YES;
				CLANG_WARN_DIRECT_OBJC_ISA_USAGE = YES_ERROR;
				CLANG_WARN_DOCUMENTATION_COMMENTS = YES;
				CLANG_WARN_EMPTY_BODY = YES;
				CLANG_WARN_ENUM_CONVERSION = YES;
				CLANG_WARN_INFINITE_RECURSION = YES;
				CLANG_WARN_INT_CONVERSION = YES;
				CLANG_WARN_NON_LITERAL_NULL_CONVERSION = YES;
				CLANG_WARN_OBJC_IMPLICIT_RETAIN_SELF = YES;
				CLANG_WARN_OBJC_LITERAL_CONVERSION = YES;
				CLANG_WARN_OBJC_ROOT_CLASS = YES_ERROR;
				CLANG_WARN_QUOTED_INCLUDE_IN_FRAMEWORK_HEADER = YES;
				CLANG_WARN_RANGE_LOOP_ANALYSIS = YES;
				CLANG_WARN_STRICT_PROTOTYPES = YES;
				CLANG_WARN_SUSPICIOUS_MOVE = YES;
				CLANG_WARN_UNGUARDED_AVAILABILITY = YES_AGGRESSIVE;
				CLANG_WARN_UNREACHABLE_CODE = YES;
				CLANG_WARN__DUPLICATE_METHOD_MATCH = YES;
				COPY_PHASE_STRIP = NO;
				DEAD_CODE_STRIPPING = YES;
				DEBUG_INFORMATION_FORMAT = "dwarf-with-dsym";
				DEVELOPMENT_TEAM = 8R23J2835D;
				ENABLE_NS_ASSERTIONS = NO;
				ENABLE_STRICT_OBJC_MSGSEND = YES;
				ENABLE_USER_SCRIPT_SANDBOXING = YES;
				GCC_C_LANGUAGE_STANDARD = gnu11;
				GCC_NO_COMMON_BLOCKS = YES;
				GCC_WARN_64_TO_32_BIT_CONVERSION = YES;
				GCC_WARN_ABOUT_RETURN_TYPE = YES_ERROR;
				GCC_WARN_UNDECLARED_SELECTOR = YES;
				GCC_WARN_UNINITIALIZED_AUTOS = YES_AGGRESSIVE;
				GCC_WARN_UNUSED_FUNCTION = YES;
				GCC_WARN_UNUSED_VARIABLE = YES;
				MACOSX_DEPLOYMENT_TARGET = 12.3;
				MTL_ENABLE_DEBUG_INFO = NO;
				MTL_FAST_MATH = YES;
				SDKROOT = macosx;
				SWIFT_COMPILATION_MODE = wholemodule;
				SWIFT_OPTIMIZATION_LEVEL = "-O";
			};
			name = Release;
		};
		B700C18D28B920F20069FDF5 /* Debug */ = {
			isa = XCBuildConfiguration;
			baseConfigurationReference = 59020774FDBF60D74A9162C0 /* Pods-Cider.debug.xcconfig */;
			buildSettings = {
				ASSETCATALOG_COMPILER_APPICON_NAME = "AppIcon-Dev";
				ASSETCATALOG_COMPILER_GLOBAL_ACCENT_COLOR_NAME = AccentColor;
				CLANG_ENABLE_MODULES = YES;
				CODE_SIGN_ENTITLEMENTS = Cider/CiderDebug.entitlements;
				CODE_SIGN_IDENTITY = "Apple Development";
				CODE_SIGN_STYLE = Automatic;
				COMBINE_HIDPI_IMAGES = YES;
				CURRENT_PROJECT_VERSION = 1;
				DEAD_CODE_STRIPPING = YES;
				DEVELOPMENT_ASSET_PATHS = "\"Cider/Preview Content\"";
				DEVELOPMENT_TEAM = 8R23J2835D;
				ENABLE_HARDENED_RUNTIME = YES;
				ENABLE_PREVIEWS = YES;
				EXECUTABLE_NAME = Cider;
				GENERATE_INFOPLIST_FILE = YES;
				INFOPLIST_FILE = Cider/Info.plist;
				INFOPLIST_KEY_CFBundleDisplayName = "Cider (Dev)";
				INFOPLIST_KEY_LSApplicationCategoryType = "public.app-category.music";
				INFOPLIST_KEY_NSAppleMusicUsageDescription = "Cider has to get access to your music library to fetch Apple Music content";
				INFOPLIST_KEY_NSHumanReadableCopyright = "";
				LD_RUNPATH_SEARCH_PATHS = (
					"$(inherited)",
					"@executable_path/../Frameworks",
				);
				LIBRARY_SEARCH_PATHS = (
					"$(inherited)",
					"$(PROJECT_DIR)/DiscordRPCAgent/target/universal/",
					"$(PROJECT_DIR)/NativeUtils/target/universal/",
					"$(PROJECT_DIR)/NativeUtils/target/universal",
				);
				MARKETING_VERSION = 0.0.1;
				OTHER_LDFLAGS = (
					"$(inherited)",
					"-Xlinker",
					"-interposable",
				);
				PRODUCT_BUNDLE_IDENTIFIER = com.cidercollective.cider;
				PRODUCT_NAME = "$(TARGET_NAME) (Dev)";
				SWIFT_EMIT_LOC_STRINGS = YES;
				SWIFT_OBJC_BRIDGING_HEADER = "Cider/Cider-Bridging-Header.h";
				SWIFT_OPTIMIZATION_LEVEL = "-Onone";
				SWIFT_VERSION = 5.0;
			};
			name = Debug;
		};
		B700C18E28B920F20069FDF5 /* Release */ = {
			isa = XCBuildConfiguration;
			baseConfigurationReference = 60DA3C02D43851B5596ABCDB /* Pods-Cider.release.xcconfig */;
			buildSettings = {
				ASSETCATALOG_COMPILER_APPICON_NAME = AppIcon;
				ASSETCATALOG_COMPILER_GLOBAL_ACCENT_COLOR_NAME = AccentColor;
				CLANG_ENABLE_MODULES = YES;
				CODE_SIGN_ENTITLEMENTS = Cider/Cider.entitlements;
				CODE_SIGN_IDENTITY = "-";
				CODE_SIGN_STYLE = Automatic;
				COMBINE_HIDPI_IMAGES = YES;
				CURRENT_PROJECT_VERSION = 1;
				DEAD_CODE_STRIPPING = YES;
				DEVELOPMENT_ASSET_PATHS = "\"Cider/Preview Content\"";
				DEVELOPMENT_TEAM = 8R23J2835D;
				ENABLE_HARDENED_RUNTIME = YES;
				ENABLE_PREVIEWS = YES;
				EXECUTABLE_NAME = "$(inherited)";
				GENERATE_INFOPLIST_FILE = YES;
				INFOPLIST_FILE = Cider/Info.plist;
				INFOPLIST_KEY_CFBundleDisplayName = Cider;
				INFOPLIST_KEY_LSApplicationCategoryType = "public.app-category.music";
				INFOPLIST_KEY_NSAppleMusicUsageDescription = "Cider has to get access to your music library to fetch Apple Music content";
				INFOPLIST_KEY_NSHumanReadableCopyright = "";
				LD_RUNPATH_SEARCH_PATHS = (
					"$(inherited)",
					"@executable_path/../Frameworks",
				);
				LIBRARY_SEARCH_PATHS = (
					"$(inherited)",
					"$(PROJECT_DIR)/DiscordRPCAgent/target/universal/",
					"$(PROJECT_DIR)/NativeUtils/target/universal/",
					"$(PROJECT_DIR)/NativeUtils/target/universal",
				);
				MARKETING_VERSION = 0.0.1;
				OTHER_LDFLAGS = (
					"$(inherited)",
					"-Xlinker",
					"-interposable",
				);
				PRODUCT_BUNDLE_IDENTIFIER = com.cidercollective.cider;
				PRODUCT_NAME = "$(TARGET_NAME)";
				SWIFT_EMIT_LOC_STRINGS = YES;
				SWIFT_OBJC_BRIDGING_HEADER = "Cider/Cider-Bridging-Header.h";
				SWIFT_VERSION = 5.0;
			};
			name = Release;
		};
		B7C9CD8B2908467A00A67CE4 /* Debug */ = {
			isa = XCBuildConfiguration;
			baseConfigurationReference = A7955FCB2FC3A98722AC9E6D /* Pods-CiderPlaybackAgent.debug.xcconfig */;
			buildSettings = {
				CODE_SIGN_ENTITLEMENTS = CiderPlaybackAgent/CiderPlaybackAgent.entitlements;
				CODE_SIGN_IDENTITY = "-";
				CODE_SIGN_STYLE = Automatic;
				CREATE_INFOPLIST_SECTION_IN_BINARY = YES;
				DEAD_CODE_STRIPPING = YES;
				DEVELOPMENT_TEAM = 8R23J2835D;
				ENABLE_HARDENED_RUNTIME = YES;
				FRAMEWORK_SEARCH_PATHS = "$(inherited)";
				INFOPLIST_FILE = "$(SRCROOT)/CiderPlaybackAgent/Info.plist";
				PRODUCT_BUNDLE_IDENTIFIER = com.cidercollective.CiderPlaybackAgent;
				PRODUCT_NAME = "$(TARGET_NAME)";
				SWIFT_OBJC_BRIDGING_HEADER = "";
				SWIFT_VERSION = 5.0;
				USER_HEADER_SEARCH_PATHS = "";
			};
			name = Debug;
		};
		B7C9CD8C2908467A00A67CE4 /* Release */ = {
			isa = XCBuildConfiguration;
			baseConfigurationReference = 1D0D0AA5A8525D1CEC676F1E /* Pods-CiderPlaybackAgent.release.xcconfig */;
			buildSettings = {
				CODE_SIGN_ENTITLEMENTS = CiderPlaybackAgent/CiderPlaybackAgent.entitlements;
				CODE_SIGN_IDENTITY = "-";
				CODE_SIGN_STYLE = Automatic;
				CREATE_INFOPLIST_SECTION_IN_BINARY = YES;
				DEAD_CODE_STRIPPING = YES;
				DEVELOPMENT_TEAM = 8R23J2835D;
				ENABLE_HARDENED_RUNTIME = YES;
				FRAMEWORK_SEARCH_PATHS = "$(inherited)";
				INFOPLIST_FILE = "$(SRCROOT)/CiderPlaybackAgent/Info.plist";
				PRODUCT_BUNDLE_IDENTIFIER = com.cidercollective.CiderPlaybackAgent;
				PRODUCT_NAME = "$(TARGET_NAME)";
				SWIFT_OBJC_BRIDGING_HEADER = "";
				SWIFT_VERSION = 5.0;
				USER_HEADER_SEARCH_PATHS = "";
			};
			name = Release;
		};
/* End XCBuildConfiguration section */

/* Begin XCConfigurationList section */
		B700C17828B920F10069FDF5 /* Build configuration list for PBXProject "Cider" */ = {
			isa = XCConfigurationList;
			buildConfigurations = (
				B700C18A28B920F20069FDF5 /* Debug */,
				B700C18B28B920F20069FDF5 /* Release */,
			);
			defaultConfigurationIsVisible = 0;
			defaultConfigurationName = Release;
		};
		B700C18C28B920F20069FDF5 /* Build configuration list for PBXNativeTarget "Cider" */ = {
			isa = XCConfigurationList;
			buildConfigurations = (
				B700C18D28B920F20069FDF5 /* Debug */,
				B700C18E28B920F20069FDF5 /* Release */,
			);
			defaultConfigurationIsVisible = 0;
			defaultConfigurationName = Release;
		};
		B7C9CD8D2908467A00A67CE4 /* Build configuration list for PBXNativeTarget "CiderPlaybackAgent" */ = {
			isa = XCConfigurationList;
			buildConfigurations = (
				B7C9CD8B2908467A00A67CE4 /* Debug */,
				B7C9CD8C2908467A00A67CE4 /* Release */,
			);
			defaultConfigurationIsVisible = 0;
			defaultConfigurationName = Release;
		};
/* End XCConfigurationList section */
	};
	rootObject = B700C17528B920F10069FDF5 /* Project object */;
}
